# Generated by conda-lock.
# platform: linux-64
# input_hash: ace92ee47beb0e8f09f83f54904352e952756c6010190ff570ec1fc2ca64d3e7
@EXPLICIT
https://conda.anaconda.org/conda-forge/linux-64/_libgcc_mutex-0.1-conda_forge.tar.bz2#d7c89558ba9fa0495403155b64376d81
https://conda.anaconda.org/conda-forge/linux-64/ca-certificates-2021.5.30-ha878542_0.tar.bz2#6a777890e94194dc94a29a76d2a7e721
https://conda.anaconda.org/conda-forge/linux-64/ld_impl_linux-64-2.36.1-hea4e1c9_2.tar.bz2#bd4f2e711b39af170e7ff15163fe87ee
https://conda.anaconda.org/conda-forge/linux-64/libgfortran5-11.2.0-h5c6108e_8.tar.bz2#1672a7e59c23aac19cb01260e873a4b0
https://conda.anaconda.org/conda-forge/linux-64/libstdcxx-ng-11.2.0-he4da1e4_8.tar.bz2#cee237cb6cd08c65c2f74ada9524b768
https://conda.anaconda.org/conda-forge/noarch/tzdata-2021a-he74cb21_1.tar.bz2#cc5690eb258c3706f754306f191da8d8
https://conda.anaconda.org/conda-forge/linux-64/libgfortran-ng-11.2.0-h69a702a_8.tar.bz2#d246e04ac94318cfe8ad8879a41e908e
https://conda.anaconda.org/conda-forge/linux-64/libgomp-11.2.0-h1d223b6_8.tar.bz2#9c5ec5d954d2009c6b267ed25346ef87
https://conda.anaconda.org/conda-forge/linux-64/_openmp_mutex-4.5-1_gnu.tar.bz2#561e277319a41d4f24f5c05a9ef63c04
https://conda.anaconda.org/conda-forge/linux-64/libgcc-ng-11.2.0-h1d223b6_8.tar.bz2#2de68a054a079032d30dcd54ebf2ecb9
https://conda.anaconda.org/conda-forge/linux-64/expat-2.4.1-h9c3ff4c_0.tar.bz2#16054ef3cb3ec5d8d29d08772662f65d
https://conda.anaconda.org/conda-forge/linux-64/libffi-3.4.2-h9c3ff4c_3.tar.bz2#1c66277666ed4193aa95b22ddc877415
https://conda.anaconda.org/conda-forge/linux-64/libiconv-1.16-h516909a_0.tar.bz2#5c0f338a513a2943c659ae619fca9211
https://conda.anaconda.org/conda-forge/linux-64/libopenblas-0.3.17-pthreads_h8fe5266_1.tar.bz2#7f96c04618e952e0f9d94d5e07545a71
https://conda.anaconda.org/conda-forge/linux-64/ncurses-6.2-h58526e2_4.tar.bz2#509f2a21c4a09214cd737a480dfd80c9
https://conda.anaconda.org/conda-forge/linux-64/openssl-1.1.1l-h7f98852_0.tar.bz2#de7b38a1542dbe6f41653a8ae71adc53
https://conda.anaconda.org/conda-forge/linux-64/pcre-8.45-h9c3ff4c_0.tar.bz2#c05d1820a6d34ff07aaaab7a9b7eddaa
https://conda.anaconda.org/conda-forge/linux-64/xz-5.2.5-h516909a_1.tar.bz2#33f601066901f3e1a85af3522a8113f9
https://conda.anaconda.org/conda-forge/linux-64/zlib-1.2.11-h516909a_1010.tar.bz2#339cc5584e6d26bc73a875ba900028c3
https://conda.anaconda.org/conda-forge/linux-64/gettext-0.19.8.1-h73d1719_1007.tar.bz2#0adf094c584b1f5c52ff688b25732e65
https://conda.anaconda.org/conda-forge/linux-64/libblas-3.9.0-11_linux64_openblas.tar.bz2#b8a498e2cac5746b808d5961cb584a13
https://conda.anaconda.org/conda-forge/linux-64/readline-8.1-h46c0cb4_0.tar.bz2#5788de3c8d7a7d64ac56c784c4ef48e6
https://conda.anaconda.org/conda-forge/linux-64/tk-8.6.11-h27826a3_1.tar.bz2#84e76fb280e735fec1efd2d21fd9cb27
https://conda.anaconda.org/conda-forge/linux-64/libcblas-3.9.0-11_linux64_openblas.tar.bz2#59bf439337c9ec59297f701e4ee97e09
https://conda.anaconda.org/conda-forge/linux-64/libglib-2.68.4-h174f98d_1.tar.bz2#bbdd1d97559e052c98edd08a408218b4
https://conda.anaconda.org/conda-forge/linux-64/liblapack-3.9.0-11_linux64_openblas.tar.bz2#00d3680586af1f0689398b080e273cbb
https://conda.anaconda.org/conda-forge/linux-64/sqlite-3.36.0-h9cd32fc_1.tar.bz2#776f3956ac2bcbc5e85201d21baf8aa7
https://conda.anaconda.org/conda-forge/linux-64/glib-tools-2.68.4-h9c3ff4c_1.tar.bz2#023f5d95c2ab4dd78ff5fb62fa421266
https://conda.anaconda.org/conda-forge/linux-64/python-3.9.7-hb7a2778_1_cpython.tar.bz2#823f83a31233a3d6fa8f123dbe9c4abf
https://conda.anaconda.org/conda-forge/noarch/charset-normalizer-2.0.0-pyhd8ed1ab_0.tar.bz2#4a57e24d5b759893615c05926b7b5fb9
https://conda.anaconda.org/conda-forge/linux-64/glib-2.68.4-h9c3ff4c_1.tar.bz2#32b3393dcde206d3e448c004af06a93b
https://conda.anaconda.org/conda-forge/noarch/idna-3.1-pyhd3deb0d_0.tar.bz2#9c9aea4b8391264477df484f798562d0
https://conda.anaconda.org/conda-forge/noarch/jeepney-0.7.1-pyhd8ed1ab_0.tar.bz2#45f08d18f76b2c6ccefbccb0d5708b4a
https://conda.anaconda.org/conda-forge/noarch/pycparser-2.20-pyh9f0ad1d_2.tar.bz2#aa798d50ffd182a0f6f31478c7f434f6
https://conda.anaconda.org/conda-forge/noarch/python-mimeparse-1.6.0-py_1.tar.bz2#7d63cb6eb649fdbedf43893f81f9f019
https://conda.anaconda.org/conda-forge/linux-64/python_abi-3.9-2_cp39.tar.bz2#39adde4247484de2bb4000122fdcf665
https://conda.anaconda.org/conda-forge/noarch/pytz-2021.1-pyhd8ed1ab_0.tar.bz2#3af2e9424d5eb0063824a3f9b850d411
https://conda.anaconda.org/conda-forge/noarch/six-1.16.0-pyh6c4a22f_0.tar.bz2#e5f25f8dbc060e9a8d912e432202afc2
https://conda.anaconda.org/conda-forge/noarch/soupsieve-2.0.1-py_1.tar.bz2#aa1db70848c19bace567ba39a157f508
https://conda.anaconda.org/conda-forge/noarch/webencodings-0.5.1-py_1.tar.bz2#3563be4c5611a44210d9ba0c16113136
https://conda.anaconda.org/conda-forge/noarch/zipp-3.5.0-pyhd8ed1ab_0.tar.bz2#f9dd05a5ed6b81c91f097e3739107a74
https://conda.anaconda.org/conda-forge/noarch/beautifulsoup4-4.10.0-pyha770c72_0.tar.bz2#c29e0b4a2ff546cedbe6dc2921948a1d
https://conda.anaconda.org/conda-forge/linux-64/certifi-2021.5.30-py39hf3d152e_0.tar.bz2#7bbfaa3b8363bf8505d7f65e4e2e8a90
https://conda.anaconda.org/conda-forge/linux-64/cffi-1.14.6-py39h4bc2ebd_1.tar.bz2#f37f029c3b2599386d3ba8fc1b29a8a0
https://conda.anaconda.org/conda-forge/linux-64/chardet-4.0.0-py39hf3d152e_1.tar.bz2#d0da429a3428ffcacaad25595b96a648
https://conda.anaconda.org/conda-forge/linux-64/dbus-1.13.6-h48d8840_2.tar.bz2#eba672c69baf366fdedd1c6f702dbb81
https://conda.anaconda.org/conda-forge/noarch/html5lib-1.1-pyh9f0ad1d_0.tar.bz2#b2355343d6315c892543200231d7154a
https://conda.anaconda.org/conda-forge/linux-64/importlib-metadata-4.8.1-py39hf3d152e_0.tar.bz2#3223ee559a24f841abc9826de097a7f9
https://conda.anaconda.org/conda-forge/linux-64/numpy-1.21.2-py39hdbf815f_0.tar.bz2#f65104b4a1006c61037e6a7a6aa0b72f
https://conda.anaconda.org/conda-forge/linux-64/pysocks-1.7.1-py39hf3d152e_3.tar.bz2#f7e7fdc66f2362bebc407f1ab7d10f63
https://conda.anaconda.org/conda-forge/noarch/python-dateutil-2.8.2-pyhd8ed1ab_0.tar.bz2#dd999d1cc9f79e67dbb855c8924c7984
https://conda.anaconda.org/conda-forge/linux-64/brotlipy-0.7.0-py39h3811e60_1001.tar.bz2#35ad78e61aec955783acfd00f3c6bcde
https://conda.anaconda.org/conda-forge/linux-64/cryptography-3.4.7-py39hbca0aa6_0.tar.bz2#04e97f7d5c60f75a36b1e4bdf3652ebd
https://conda.anaconda.org/conda-forge/linux-64/extinction-0.4.6-py39hce5d2b2_0.tar.bz2#295f5366ac52919105b7113288220fee
https://conda.anaconda.org/conda-forge/linux-64/iminuit-2.8.3-py39he80948d_0.tar.bz2#107bd26261c18b9c082eb0e4313ed27f
https://conda.anaconda.org/conda-forge/noarch/importlib_metadata-4.8.1-hd8ed1ab_0.tar.bz2#ce811c521c3a02d7c8ace1cfbd2a0bcd
https://conda.anaconda.org/conda-forge/linux-64/pandas-1.3.3-py39hde0f152_0.tar.bz2#2803e6624133c71cd0126c592f0f1a90
https://conda.anaconda.org/conda-forge/linux-64/pyerfa-2.0.0-py39hce5d2b2_0.tar.bz2#15c60b3e57280a12395cff79cece68e7
https://conda.anaconda.org/conda-forge/linux-64/scipy-1.7.1-py39hee8e79c_0.tar.bz2#ad828d8a09ce2e3820b3fce0a3ac85ed
https://conda.anaconda.org/conda-forge/linux-64/astropy-4.3.1-py39hce5d2b2_1.tar.bz2#51a64869f411a6f9680a1307c77afdc1
https://conda.anaconda.org/conda-forge/noarch/pyopenssl-20.0.1-pyhd8ed1ab_0.tar.bz2#92371c25994d0f5d28a01c1fb75ebf86
https://conda.anaconda.org/conda-forge/linux-64/secretstorage-3.3.1-py39hf3d152e_0.tar.bz2#13af3872e0244e8b105031ad425c9ff3
https://conda.anaconda.org/conda-forge/linux-64/keyring-23.2.1-py39hf3d152e_0.tar.bz2#c4250b3f2167cc112caf95a4e5514216
https://conda.anaconda.org/conda-forge/linux-64/sncosmo-2.5.0-py39hce5d2b2_0.tar.bz2#125f8dcc0d5c44622be760eddc9ccda0
https://conda.anaconda.org/conda-forge/noarch/urllib3-1.26.7-pyhd8ed1ab_0.tar.bz2#be75bab4820a56f77ba1a3fc9139c36a
https://conda.anaconda.org/conda-forge/noarch/requests-2.26.0-pyhd8ed1ab_0.tar.bz2#0ed2ccbde6db9dd5789068eb7194463f
https://conda.anaconda.org/conda-forge/noarch/pyvo-1.1-py_0.tar.bz2#6adb87b84078031c1be22886446ed9bd
https://conda.anaconda.org/conda-forge/noarch/astroquery-0.4.3-pyhd8ed1ab_0.tar.bz2#95a2d4d1665670cf04f6cf239f14de46
