# Generated by conda-lock.
# platform: osx-arm64
# input_hash: 3f6ae829856b881e155bf4d2a63a5d5980bc18ed8afcb9fd773bc20fa542e62e
@EXPLICIT
https://conda.anaconda.org/conda-forge/osx-arm64/bzip2-1.0.8-h3422bc3_4.tar.bz2#fc76ace7b94fb1f694988ab1b14dd248
https://conda.anaconda.org/conda-forge/osx-arm64/ca-certificates-2021.10.8-h4653dfc_0.tar.bz2#d68f418ab2f7a46948ccb4053636f913
https://conda.anaconda.org/conda-forge/osx-arm64/giflib-5.2.1-h27ca646_2.tar.bz2#fcfaa10e989b15ef30f93b6329c35add
https://conda.anaconda.org/conda-forge/osx-arm64/jbig-2.1-h3422bc3_2003.tar.bz2#38e4745944cf5b4598ad7f1cfed5430d
https://conda.anaconda.org/conda-forge/osx-arm64/jpeg-9e-h3422bc3_0.tar.bz2#846d85b58bfb5fd25b82fc9fe09b0f83
https://conda.anaconda.org/conda-forge/osx-arm64/libbrotlicommon-1.0.9-h3422bc3_6.tar.bz2#b3eda06c8994f20d829fbe89ccc4b0b1
https://conda.anaconda.org/conda-forge/osx-arm64/libcxx-12.0.1-h168391b_1.tar.bz2#ff81bd5236632ba2e0100ce806144aa8
https://conda.anaconda.org/conda-forge/osx-arm64/libdeflate-1.10-h3422bc3_0.tar.bz2#94a51083eac1f1143274a7f1bb8839f4
https://conda.anaconda.org/conda-forge/osx-arm64/libffi-3.4.2-h3422bc3_5.tar.bz2#086914b672be056eb70fd4285b6783b6
https://conda.anaconda.org/conda-forge/osx-arm64/libntlm-1.4-h27ca646_1002.tar.bz2#186abbf2bc38d1d7afa6c01bc7012edc
https://conda.anaconda.org/conda-forge/osx-arm64/libwebp-base-1.2.2-h3422bc3_1.tar.bz2#f8a72108f792b997fc354c16ef0492e1
https://conda.anaconda.org/conda-forge/osx-arm64/libzlib-1.2.11-hee7b306_1013.tar.bz2#fe3c74ef0fe456a4011468f860b0c3dc
https://conda.anaconda.org/conda-forge/osx-arm64/llvm-openmp-13.0.1-hf3c4609_0.tar.bz2#22cdcc2eed7e54579ff650be9c4d4d0c
https://conda.anaconda.org/conda-forge/osx-arm64/ncurses-6.3-hc470f4d_0.tar.bz2#6b5b4e8e22d02a9f30fc4c703d2a69f6
https://conda.anaconda.org/conda-forge/osx-arm64/pthread-stubs-0.4-h27ca646_1001.tar.bz2#d3f26c6494d4105d4ecb85203d687102
https://conda.anaconda.org/conda-forge/noarch/tzdata-2021e-he74cb21_0.tar.bz2#a751ec502589ebdc2eceb183ff602569
https://conda.anaconda.org/conda-forge/osx-arm64/xorg-libxau-1.0.9-h27ca646_0.tar.bz2#e2fa1f5a28cf0ce02516baf910be132e
https://conda.anaconda.org/conda-forge/osx-arm64/xorg-libxdmcp-1.1.3-h27ca646_0.tar.bz2#6738b13f7fadc18725965abdd4129c36
https://conda.anaconda.org/conda-forge/osx-arm64/xz-5.2.5-h642e427_1.tar.bz2#9ab2316785cb81c464ab9a99512dae71
https://conda.anaconda.org/conda-forge/osx-arm64/yaml-0.2.5-h3422bc3_2.tar.bz2#4bb3f014845110883a3c5ee811fd84b4
https://conda.anaconda.org/conda-forge/osx-arm64/lerc-3.0-hbdafb3b_0.tar.bz2#8f210e26ca368c3d2b418f213b903aef
https://conda.anaconda.org/conda-forge/osx-arm64/libbrotlidec-1.0.9-h3422bc3_6.tar.bz2#5ee99175123dcd24b3857bf467f1044f
https://conda.anaconda.org/conda-forge/osx-arm64/libbrotlienc-1.0.9-h3422bc3_6.tar.bz2#be28e048477fc17a4b59a66f4f4418a7
https://conda.anaconda.org/conda-forge/osx-arm64/libedit-3.1.20191231-hc8eb9b7_2.tar.bz2#30e4362988a2623e9eb34337b83e01f9
https://conda.anaconda.org/conda-forge/osx-arm64/libgfortran5-11.0.1.dev0-hf114ba7_23.tar.bz2#402c05211a9c339c71a1e82ac8b7ad81
https://conda.anaconda.org/conda-forge/osx-arm64/libxcb-1.13-h9b22ae9_1004.tar.bz2#6b3457a192f8091cb413962f65740ac4
https://conda.anaconda.org/conda-forge/osx-arm64/lz4-c-1.9.3-hbdafb3b_1.tar.bz2#074b9beb2e563515c0dd46229b18d521
https://conda.anaconda.org/conda-forge/osx-arm64/openssl-1.1.1l-h3422bc3_0.tar.bz2#0b3c59333ff2693e8de50b6f679bd3cd
https://conda.anaconda.org/conda-forge/osx-arm64/readline-8.1-hedafd6a_0.tar.bz2#3ab98d5fd433cd392a1b0781391a9e38
https://conda.anaconda.org/conda-forge/osx-arm64/tk-8.6.12-he1e0b03_0.tar.bz2#2cb3d18eac154109107f093860bd545f
https://conda.anaconda.org/conda-forge/osx-arm64/zlib-1.2.11-hee7b306_1013.tar.bz2#0b65c3db409dd06257dd879605eddb45
https://conda.anaconda.org/conda-forge/osx-arm64/brotli-bin-1.0.9-h3422bc3_6.tar.bz2#5138af369d34b54bab0bc3bb3ff70d4e
https://conda.anaconda.org/conda-forge/osx-arm64/krb5-1.19.2-hd92b7a7_3.tar.bz2#833b40d09291292d3d6649535aa56b9c
https://conda.anaconda.org/conda-forge/osx-arm64/libgfortran-5.0.0.dev0-11_0_1_hf114ba7_23.tar.bz2#75f6bd23c894fbb8d353c75edb7041d6
https://conda.anaconda.org/conda-forge/osx-arm64/libpng-1.6.37-hf7e6567_2.tar.bz2#1c5087c1f23ba00c342cfb725f69a57c
https://conda.anaconda.org/conda-forge/osx-arm64/sqlite-3.37.0-h72a2b83_0.tar.bz2#f74a80bbaeb1ba21140af97042e9192c
https://conda.anaconda.org/conda-forge/osx-arm64/zstd-1.5.2-h861e0a7_0.tar.bz2#1ecb5634b253f1849feefe7227824e3f
https://conda.anaconda.org/conda-forge/osx-arm64/brotli-1.0.9-h3422bc3_6.tar.bz2#7caa5234739c9b0aed75bb868ac58ce5
https://conda.anaconda.org/conda-forge/osx-arm64/cyrus-sasl-2.1.27-h7c04901_5.tar.bz2#6cac954f486eeeb29e1ca45ee01c039c
https://conda.anaconda.org/conda-forge/osx-arm64/freetype-2.10.4-h17b34a0_1.tar.bz2#c34e8d42b8dcb72cad14b45a4132e9c7
https://conda.anaconda.org/conda-forge/osx-arm64/libopenblas-0.3.18-openmp_h5dd58f0_0.tar.bz2#8860a24cd05b691ea33f8c85f9981d4b
https://conda.anaconda.org/conda-forge/osx-arm64/libtiff-4.3.0-h77dc3b6_3.tar.bz2#7a6310cbbd24d7e749f9b3606d506613
https://conda.anaconda.org/conda-forge/osx-arm64/python-3.9.10-hd16f9c5_2_cpython.tar.bz2#bc3b42bea9ad6a7d230bfe9fe915786e
https://conda.anaconda.org/conda-forge/noarch/attrs-21.4.0-pyhd8ed1ab_0.tar.bz2#f70280205d7044c8b8358c8de3190e5d
https://conda.anaconda.org/conda-forge/noarch/backoff-1.11.1-pyhd8ed1ab_0.tar.bz2#a66ed29a35bea3b34d8f1cf87bd748b2
https://conda.anaconda.org/conda-forge/noarch/charset-normalizer-2.0.12-pyhd8ed1ab_0.tar.bz2#1f5b32dabae0f1893ae3283dac7f799e
https://conda.anaconda.org/conda-forge/noarch/cycler-0.11.0-pyhd8ed1ab_0.tar.bz2#a50559fad0affdbb33729a68669ca1cb
https://conda.anaconda.org/conda-forge/noarch/idna-3.3-pyhd8ed1ab_0.tar.bz2#40b50b8b030f5f2f22085c062ed013dd
https://conda.anaconda.org/conda-forge/noarch/iniconfig-1.1.1-pyh9f0ad1d_0.tar.bz2#39161f81cc5e5ca45b8226fbb06c6905
https://conda.anaconda.org/conda-forge/osx-arm64/lcms2-2.12-had6a04f_0.tar.bz2#e66c48b683085eaa6627cc61ba76c1e2
https://conda.anaconda.org/conda-forge/osx-arm64/libblas-3.9.0-13_osxarm64_openblas.tar.bz2#cfe4c943d79f32e927f859de87fb03f1
https://conda.anaconda.org/conda-forge/osx-arm64/librdkafka-1.7.0-hc87a43b_1.tar.bz2#15a7bcff7e126fd1021af1b7aaa1b5d4
https://conda.anaconda.org/conda-forge/osx-arm64/libwebp-1.2.2-h0d20362_0.tar.bz2#cb075e1a75ed216a438bdea6b1c787c4
https://conda.anaconda.org/conda-forge/noarch/more-itertools-8.12.0-pyhd8ed1ab_0.tar.bz2#1338809c9c8e56f1b6f69d4b8e0ed7f7
https://conda.anaconda.org/conda-forge/noarch/munkres-1.1.4-pyh9f0ad1d_0.tar.bz2#2ba8498c1018c1e9c61eb99b973dfe19
https://conda.anaconda.org/conda-forge/noarch/olefile-0.46-pyh9f0ad1d_1.tar.bz2#0b2e68acc8c78c8cc392b90983481f58
https://conda.anaconda.org/conda-forge/osx-arm64/openjpeg-2.4.0-h062765e_1.tar.bz2#02ec6e9debe1bf6488ac302592d067fc
https://conda.anaconda.org/conda-forge/noarch/py-1.11.0-pyh6c4a22f_0.tar.bz2#b4613d7e7a493916d867842a6a148054
https://conda.anaconda.org/conda-forge/noarch/pycparser-2.21-pyhd8ed1ab_0.tar.bz2#076becd9e05608f8dc72757d5f3a91ff
https://conda.anaconda.org/conda-forge/noarch/pyparsing-3.0.7-pyhd8ed1ab_0.tar.bz2#727e2216d9c47455d8ddc060eb2caad9
https://conda.anaconda.org/conda-forge/osx-arm64/python_abi-3.9-2_cp39.tar.bz2#ba3082b5441b482d5cfe328d4e7ba0bf
https://conda.anaconda.org/conda-forge/noarch/pytz-2021.3-pyhd8ed1ab_0.tar.bz2#7e4f811bff46a5a6a7e0094921389395
https://conda.anaconda.org/conda-forge/noarch/six-1.16.0-pyh6c4a22f_0.tar.bz2#e5f25f8dbc060e9a8d912e432202afc2
https://conda.anaconda.org/conda-forge/noarch/soupsieve-2.3.1-pyhd8ed1ab_0.tar.bz2#d821b295c4bd18ad27e1e19543a5784a
https://conda.anaconda.org/conda-forge/noarch/toml-0.10.2-pyhd8ed1ab_0.tar.bz2#f832c45a477c78bebd107098db465095
https://conda.anaconda.org/conda-forge/noarch/tomli-2.0.1-pyhd8ed1ab_0.tar.bz2#5844808ffab9ebdb694585b50ba02a96
https://conda.anaconda.org/conda-forge/noarch/types-pytz-2021.3.5-pyhd8ed1ab_0.tar.bz2#3a1c24be56c54d7db513a1920d4558a8
https://conda.anaconda.org/conda-forge/noarch/types-requests-2.27.11-pyhd8ed1ab_0.tar.bz2#61a2b25c24997c2c367518c86b2c21db
https://conda.anaconda.org/conda-forge/noarch/typing_extensions-4.1.1-pyha770c72_0.tar.bz2#74761ba7bc682e9009520163a1031ace
https://conda.anaconda.org/conda-forge/noarch/wheel-0.37.1-pyhd8ed1ab_0.tar.bz2#1ca02aaf78d9c70d9a81a3bed5752022
https://conda.anaconda.org/conda-forge/noarch/zipp-3.7.0-pyhd8ed1ab_1.tar.bz2#b689b2cbc8481b224777415e1a193170
https://conda.anaconda.org/conda-forge/noarch/beautifulsoup4-4.10.0-pyha770c72_0.tar.bz2#c29e0b4a2ff546cedbe6dc2921948a1d
https://conda.anaconda.org/conda-forge/osx-arm64/certifi-2021.10.8-py39h2804cbe_1.tar.bz2#fb53ec8c7ae669a5388856ffe7c12a00
https://conda.anaconda.org/conda-forge/osx-arm64/cffi-1.15.0-py39h52b1de0_0.tar.bz2#3333a407ad0bb89fb85954579c76b88f
https://conda.anaconda.org/conda-forge/osx-arm64/coverage-6.3.2-py39hb18efdd_1.tar.bz2#ed7faee57ccd2b5430a64ede731ee195
https://conda.anaconda.org/conda-forge/osx-arm64/importlib-metadata-4.11.1-py39h2804cbe_0.tar.bz2#09ab5c9ed2087ae8baf13176a07e7a22
https://conda.anaconda.org/conda-forge/osx-arm64/kiwisolver-1.3.2-py39h4d2d688_1.tar.bz2#933758a610c98934d2a151a3bef3db94
https://conda.anaconda.org/conda-forge/osx-arm64/libcblas-3.9.0-13_osxarm64_openblas.tar.bz2#edf690edcb07d6a02fc12c9f31c2dd94
https://conda.anaconda.org/conda-forge/osx-arm64/liblapack-3.9.0-13_osxarm64_openblas.tar.bz2#a362cd24e842692a7fcacee3788f4af9
https://conda.anaconda.org/conda-forge/osx-arm64/mypy_extensions-0.4.3-py39h2804cbe_4.tar.bz2#1383f8ea3f8ecba34c0198d6513862cf
https://conda.anaconda.org/conda-forge/noarch/packaging-21.3-pyhd8ed1ab_0.tar.bz2#71f1ab2de48613876becddd496371c85
https://conda.anaconda.org/conda-forge/osx-arm64/pillow-9.0.1-py39hd72dd6b_2.tar.bz2#013383581be10e1ff1843d73cbae9cfb
https://conda.anaconda.org/conda-forge/osx-arm64/pluggy-1.0.0-py39h2804cbe_2.tar.bz2#636c947ba07c1582065f01453b6e4fef
https://conda.anaconda.org/conda-forge/osx-arm64/psutil-5.9.0-py39h5161555_0.tar.bz2#bed540850ab59a035e568706144444ee
https://conda.anaconda.org/conda-forge/osx-arm64/pysocks-1.7.1-py39h2804cbe_4.tar.bz2#770a25ef670b5154e54c854f561d667d
https://conda.anaconda.org/conda-forge/osx-arm64/python-confluent-kafka-1.7.0-py39h5161555_2.tar.bz2#f36450b75f115e1acd22779c4a646e42
https://conda.anaconda.org/conda-forge/noarch/python-dateutil-2.8.2-pyhd8ed1ab_0.tar.bz2#dd999d1cc9f79e67dbb855c8924c7984
https://conda.anaconda.org/conda-forge/osx-arm64/pyyaml-6.0-py39h5161555_3.tar.bz2#1169532ea0b9456d7ac8171807486614
https://conda.anaconda.org/conda-forge/osx-arm64/setuptools-60.9.3-py39h2804cbe_0.tar.bz2#84373bb6755d513fcb98531dbb8cce82
https://conda.anaconda.org/conda-forge/osx-arm64/unicodedata2-14.0.0-py39h5161555_0.tar.bz2#7e61f5c040e6e94b4ed587584942719e
https://conda.anaconda.org/conda-forge/osx-arm64/brotlipy-0.7.0-py39h5161555_1003.tar.bz2#851dacb18129066f316a417ffc236748
https://conda.anaconda.org/conda-forge/osx-arm64/cryptography-36.0.1-py39hfb8cd70_0.tar.bz2#95d6a9b811c3876e6e5a78c4dbe5cc4e
https://conda.anaconda.org/conda-forge/osx-arm64/fonttools-4.29.1-py39h5161555_0.tar.bz2#28d6dc52e04d6e53fc75da47219ebf53
https://conda.anaconda.org/conda-forge/osx-arm64/mypy-0.931-py39h5161555_2.tar.bz2#257926609a13bb82d33a1e444e5f12c4
https://conda.anaconda.org/conda-forge/osx-arm64/numpy-1.22.2-py39h61a45d2_0.tar.bz2#4aa1a915c27a80a9252f9646f39c5b1a
https://conda.anaconda.org/conda-forge/noarch/pip-22.0.3-pyhd8ed1ab_0.tar.bz2#45dedae69a0ea21cb8566d04b2ca5536
https://conda.anaconda.org/conda-forge/osx-arm64/pytest-6.2.5-py39h2804cbe_2.tar.bz2#884ed2eabc6eb0c4b9d42ce8c9d47af5
https://conda.anaconda.org/conda-forge/osx-arm64/matplotlib-base-3.5.1-py39h5aa4fe7_0.tar.bz2#4cf3e5c77e2f436b56ca75b05157c95a
https://conda.anaconda.org/conda-forge/osx-arm64/pandas-1.4.1-py39h7f752ed_0.tar.bz2#712ddadda1c76979797561608df5aa44
https://conda.anaconda.org/conda-forge/osx-arm64/pyerfa-2.0.0.1-py39h20ef057_1.tar.bz2#d7c83deb0e2eda037e2c1a1aaa72af63
https://conda.anaconda.org/conda-forge/noarch/pyopenssl-22.0.0-pyhd8ed1ab_0.tar.bz2#1d7e241dfaf5475e893d4b824bb71b44
https://conda.anaconda.org/conda-forge/noarch/pytest-cov-2.12.1-pyhd8ed1ab_0.tar.bz2#806b9d494058d0ec2dfd76607d1c33f4
https://conda.anaconda.org/conda-forge/noarch/pytest-mock-3.7.0-pyhd8ed1ab_0.tar.bz2#51d76888aa20b3fda934ff986538f3bd
https://conda.anaconda.org/conda-forge/noarch/adjusttext-0.7.3.1-py_1.tar.bz2#1e4a4438639a2e3e762f0cd4b43c984e
https://conda.anaconda.org/conda-forge/osx-arm64/astropy-5.0.1-py39h20ef057_0.tar.bz2#d83ce5803eaf71505f5bf15b5e9462df
https://conda.anaconda.org/conda-forge/noarch/seaborn-base-0.11.2-pyhd8ed1ab_0.tar.bz2#fe2303dc8f1febeb82d927ce8ad153ed
https://conda.anaconda.org/conda-forge/noarch/urllib3-1.26.8-pyhd8ed1ab_1.tar.bz2#53f1387c68c21cecb386e2cde51b3f7c
https://conda.anaconda.org/conda-forge/noarch/requests-2.27.1-pyhd8ed1ab_0.tar.bz2#7c1c427246b057b8fa97200ecdb2ed62
# pip aiohttp @ https://files.pythonhosted.org/packages/64/0f/bad91b74658ffea95982794603106c7d751734bb4e8e1f83c654a11ef971/aiohttp-3.8.1-cp39-cp39-macosx_11_0_arm64.whl#sha256=13487abd2f761d4be7c8ff9080de2671e53fff69711d46de703c310c4c9317ca
# pip aiosignal @ https://files.pythonhosted.org/packages/3b/87/fe94898f2d44a93a35d5aa74671ed28094d80753a1113d68b799fab6dc22/aiosignal-1.2.0-py3-none-any.whl#sha256=26e62109036cd181df6e6ad646f91f0dcfd05fe16d0cb924138ff2ab75d64e3a
# pip ampel-alerts @ https://files.pythonhosted.org/packages/65/d9/24b46f63040c16d30fd611b292efb040130d57403702bfb7291dbbf9ddd1/ampel_alerts-0.8.2a4-py3-none-any.whl#sha256=6902c6c29755b444c7aa82bb7bcc31b7b9fceadd42ac886aea456410a16027cf
# pip ampel-core @ https://files.pythonhosted.org/packages/ca/62/1c59f3cffc9f82e341c21c15ce3b137ef85eb59275612ae5882144312e46/ampel_core-0.8.2a10-py3-none-any.whl#sha256=4490d5d30fa0b9b4c52b648b34c9232cc957720393ec9b09baed51f9a192860a
# pip ampel-interface @ https://files.pythonhosted.org/packages/e7/df/d659474c6f75bd4d0ebb31314618a85feed813b61231d86a389dcf37c8ac/ampel_interface-0.8.2a7-py3-none-any.whl#sha256=983a19a739f2892c635e1bd3dcc44fece1f8d8771eb76636789aa17b6127c8ca
# pip ampel-photometry @ https://files.pythonhosted.org/packages/13/1b/f52cb1cbf55aa6f8e4dac0969f546d3dc9e6d94e93b1adb052f28a6557bb/ampel_photometry-0.8.2a3-py3-none-any.whl#sha256=01bdafb3672021c05f53dcd024684607f1a0b4a08d86ca0fff8266c9d821fa3f
# pip ampel-plots @ https://files.pythonhosted.org/packages/d5/31/d4fe8626715ad7403a18798e8685feea905ef9bb91613a1aefc88121d0a4/ampel_plots-0.8.0a0-py3-none-any.whl#sha256=a95481756fac898bb5c9d529e4399555001c149bf21a3902d33ca9753b4dc9b4
# pip ampel-ztf @ https://files.pythonhosted.org/packages/aa/5d/d2b75e94c2a1bddfda9085d007d85d2670e16b8c723b95f0c2b82fedce16/ampel_ztf-0.8.2a5-py3-none-any.whl#sha256=d0e30867a86efeb65da36b1299e53b4c69c14110e1268fc5d5ac8b0695412539
# pip argcomplete @ https://files.pythonhosted.org/packages/d3/e5/c5509683462e51b070df9e83e7f72c1ccfe3f733f328b4a0f06804c27278/argcomplete-2.0.0-py2.py3-none-any.whl#sha256=cffa11ea77999bb0dd27bb25ff6dc142a6796142f68d45b1a26b11f58724561e
# pip astroquery @ https://files.pythonhosted.org/packages/cc/f9/bfe06daf476f2d34db5ce9369d4e1be4b70417156dd9c7fa1ce08eed3a78/astroquery-0.4.5-py3-none-any.whl#sha256=7b78c5d0b3afad3c7c7646a784bc03c5be0e4d350dcca6b4897bcb804ffff89b
# pip async-timeout @ https://files.pythonhosted.org/packages/d6/c1/8991e7c5385b897b8c020cdaad718c5b087a6626d1d11a23e1ea87e325a7/async_timeout-4.0.2-py3-none-any.whl#sha256=8ca1e4fcf50d07413d66d1a5e416e42cfdf5851c981d679a09851a6853383b3c
# pip cairocffi @ https://files.pythonhosted.org/packages/8b/d2/137b346d64f0d6428a90f60b51a06706592a86b74fd21ff66c853537cb9b/cairocffi-1.3.0.tar.gz#sha256=108a3a7cb09e203bdd8501d9baad91d786d204561bd71e9364e8b34897c47b91
# pip cairosvg @ https://files.pythonhosted.org/packages/01/42/0e6584a0c564201ac3004dd41240bbbdb12c8343f414a559f9161b0859fb/CairoSVG-2.5.2-py3-none-any.whl#sha256=98c276b7e4f0caf01e5c7176765c104ffa1aa1461d63b2053b04ab663cf7052b
# pip confluent-kafka @ https://files.pythonhosted.org/packages/12/89/356d2d9c4bb1ed6073a8eb4145a7319f2914a2c4ccfb3d59880175fc40cf/confluent-kafka-1.7.0.tar.gz#sha256=80e01b4791513c27eded8517af847530dfdf04c43d99ff132ed9c3085933b75b
# pip cssselect2 @ https://files.pythonhosted.org/packages/99/da/c86ec74495c69518720652f8aa8ab642d8af61a2098eede9db8b03d3c8b4/cssselect2-0.4.1-py3-none-any.whl#sha256=2f4a9f20965367bae459e3bb42561f7927e0cfe5b7ea1692757cf67ef5d7dace
# pip defusedxml @ https://files.pythonhosted.org/packages/07/6c/aa3f2f849e01cb6a001cd8554a88d4c77c5c1a31c95bdf1cf9301e6d9ef4/defusedxml-0.7.1-py2.py3-none-any.whl#sha256=a352e7e428770286cc899e2542b6cdaedb2b4953ff269a210103ec58f6198a61
# pip fastavro @ https://files.pythonhosted.org/packages/5e/2c/fe8efdc33f4dab473ca031a288990a558d65efa9ea58b99036e81b889c58/fastavro-1.4.8.tar.gz#sha256=7ec4913adeed150e0981d598dd5aa49daa76abda7a1c3a1295aae6d7b0f42729
# pip frozenlist @ https://files.pythonhosted.org/packages/9f/95/fa4f3d56c5e2483fdfa467574ccbd99f695552076349d993ce9a00c1bb40/frozenlist-1.2.0-cp39-cp39-macosx_11_0_arm64.whl#sha256=fbd4844ff111449f3bbe20ba24fbb906b5b1c2384d0f3287c9f7da2354ce6d23
# pip html5lib @ https://files.pythonhosted.org/packages/6c/dd/a834df6482147d48e225a49515aabc28974ad5a4ca3215c18a882565b028/html5lib-1.1-py2.py3-none-any.whl#sha256=0d78f8fde1c230e99fe37986a60526d7049ed4bf8a9fadbad5f00e22e58e041d
# pip keyring @ https://files.pythonhosted.org/packages/0d/bb/8e715dbb1886e6d7e4c6a7024c11a7e137559cd85366f25c67c2bdb311c3/keyring-23.5.0-py3-none-any.whl#sha256=b0d28928ac3ec8e42ef4cc227822647a19f1d544f21f96457965dc01cf555261
# pip lxml @ https://files.pythonhosted.org/packages/84/74/4a97db45381316cd6e7d4b1eb707d7f60d38cb2985b5dfd7251a340404da/lxml-4.7.1.tar.gz#sha256=a1613838aa6b89af4ba10a0f3a972836128801ed008078f8c1244e65958f1b24
# pip multidict @ https://files.pythonhosted.org/packages/6f/df/362e39296123c375072c6a385a0b901f09d8cbd7afb43108019a06f46257/multidict-5.2.0-cp39-cp39-macosx_11_0_arm64.whl#sha256=fc66d4016f6e50ed36fb39cd287a3878ffcebfa90008535c62e0e90a7ab713ae
# pip nest-asyncio @ https://files.pythonhosted.org/packages/06/e0/93453ebab12f5ce9a9ceda2ff71648b30e5f2ce5bba19ee3c95cbd0aaa67/nest_asyncio-1.5.4-py3-none-any.whl#sha256=3fdd0d6061a2bb16f21fe8a9c6a7945be83521d81a0d15cff52e9edee50101d6
# pip prometheus-client @ https://files.pythonhosted.org/packages/09/da/4e8471ff825769581593b5b84769d32f58e5373b59fccaf355d3529ad530/prometheus_client-0.11.0-py2.py3-none-any.whl#sha256=b014bc76815eb1399da8ce5fc84b7717a3e63652b0c0f8804092c9363acab1b2
# pip pycryptodome @ https://files.pythonhosted.org/packages/dd/3b/38d83c2725fec5b837fc05d5c6e0178a420ff839a6ad5872f10c89244899/pycryptodome-3.12.0.zip#sha256=12c7343aec5a3b3df5c47265281b12b611f26ec9367b6129199d67da54b768c1
# pip pydantic @ https://files.pythonhosted.org/packages/ff/74/54e030641601112309f6d2af620774e9080f99c7a15742fc6a0b170c4076/pydantic-1.8.2-py3-none-any.whl#sha256=fec866a0b59f372b7e776f2d7308511784dace622e0992a0b59ea3ccee0ae833
# pip pymage @ https://github.com/MickaelRigault/pymage/archive/v1.0.tar.gz#sha256=11e99c4ea06b76ca7fb5b42d1d35d64139a4fa6f7f163a2f0f9cc3ea0b3c55eb
# pip pymongo @ https://files.pythonhosted.org/packages/7a/72/c7711e9eedebb4a0a69cd0a16ed6f65946146ce1a677fce884d1e19a98cd/pymongo-4.0.1-cp39-cp39-macosx_10_9_universal2.whl#sha256=cd4cde3dfdd347d638171eca53ee6e787d4b1247c6e182f8616039b1df6278d5
# pip pyvo @ https://files.pythonhosted.org/packages/2d/83/0e01cc0ed5d46069d80724484596156c3ccaa01745631bcbd859d7ff168b/pyvo-1.2-py3-none-any.whl#sha256=7cc681473cb67192b0bdaa8e48e7245c6b4628f588ed558b5d9f67ce4e534877
# pip requests-toolbelt @ https://files.pythonhosted.org/packages/60/ef/7681134338fc097acef8d9b2f8abe0458e4d87559c689a8c306d0957ece5/requests_toolbelt-0.9.1-py2.py3-none-any.whl#sha256=380606e1d10dc85c3bd47bf5a6095f815ec007be7a8b69c878507068df059e6f
# pip schedule @ https://files.pythonhosted.org/packages/eb/3b/040bd180eaef427dd160562ee66adc9f4f67088185c272edcdb899c609c7/schedule-1.1.0-py2.py3-none-any.whl#sha256=617adce8b4bf38c360b781297d59918fbebfb2878f1671d189f4f4af5d0567a4
# pip setuptools-scm @ https://files.pythonhosted.org/packages/bc/bf/353180314d0e27929703faf240c244f25ae765e01f595a010cafb209ab51/setuptools_scm-6.3.2-py3-none-any.whl#sha256=4c64444b1d49c4063ae60bfe1680f611c8b13833d556fd1d6050c0023162a119
# pip sjcl @ https://files.pythonhosted.org/packages/16/70/68ec8c51690e450f878a22adea5e10c5e554cf6fa952de2240f1f5a4d484/sjcl-0.2.1.tar.gz#sha256=3761ba01f9f049eaa2f67516054b7bfb2e27fe8bc7c9c630da7168fba58f0c57
# pip slackclient @ https://files.pythonhosted.org/packages/ed/27/de9ce989d0964518152e1a164b08971c77a173b051a153e50220f1a963d9/slackclient-2.9.3-py2.py3-none-any.whl#sha256=2d68d668c02f4038299897e5c4723ab85dd40a3548354924b24f333a435856f8
# pip svgutils @ https://files.pythonhosted.org/packages/bd/c7/0b32030d2250dd6d2ce3d408fad678825a3c0711e6ee7b32235dff237e1d/svgutils-0.3.0-py2.py3-none-any.whl#sha256=802d749b58a623ca11d62ff137494426db8569a36f2181a5b7dcffe37e77d6e5
# pip tinycss2 @ https://files.pythonhosted.org/packages/53/7b/5dba39bf0572f1f28e2844f08f74a73482a381de1d1feac3bbc6b808051e/tinycss2-1.1.1-py3-none-any.whl#sha256=fe794ceaadfe3cf3e686b22155d0da5780dd0e273471a51846d0a02bc204fec8
# pip ujson @ https://files.pythonhosted.org/packages/21/93/ba928551a83251be01f673755819f95a568cda0bfb9e0859be80086dce93/ujson-4.3.0.tar.gz#sha256=baee56eca35cb5fbe02c28bd9c0936be41a96fa5c0812d9d4b7edeb5c3d568a0
# pip webencodings @ https://files.pythonhosted.org/packages/f4/24/2a3e3df732393fed8b3ebf2ec078f05546de641fe1b667ee316ec1dcf3b7/webencodings-0.5.1-py2.py3-none-any.whl#sha256=a0af1213f3c2226497a97e2b3aa01a7e4bee4f403f95be16fc9acd2947514a78
# pip xmltodict @ https://files.pythonhosted.org/packages/28/fd/30d5c1d3ac29ce229f6bdc40bbc20b28f716e8b363140c26eff19122d8a5/xmltodict-0.12.0-py2.py3-none-any.whl#sha256=8bbcb45cc982f48b2ca8fe7e7827c5d792f217ecf1792626f808bf41c3b86051
# pip xxhash @ https://files.pythonhosted.org/packages/d6/1d/c06f2eeb658d6f6c2b463334c0e7c3feb761d5d9b207de6017945b2e4744/xxhash-2.0.2.tar.gz#sha256=b7bead8cf6210eadf9cecf356e17af794f57c0939a3d420a00d87ea652f87b49
# pip yarl @ https://files.pythonhosted.org/packages/37/70/aa6ebb333fda5ef004058db7717be592162eebc7b05d2e711bd616d63d2d/yarl-1.7.2-cp39-cp39-macosx_11_0_arm64.whl#sha256=3bf8cfe8856708ede6a73907bf0501f2dc4e104085e070a41f5d88e7faf237f3
# pip yq @ https://files.pythonhosted.org/packages/a5/24/77ccf562a879a966c4f77adc0d1200ece656ed9e2338d870cf51c31cdde7/yq-2.13.0-py2.py3-none-any.whl#sha256=3ae1f647c85f76d48005d75445917cbea2f4d734bae9c7409372340583c2a6c1
