# Generated by conda-lock.
# platform: linux-64
# input_hash: 9cb7057cbf9acb68d202db7f80990b23f0602643603be8b4b8356a9f98093f17
@EXPLICIT
https://conda.anaconda.org/conda-forge/linux-64/_libgcc_mutex-0.1-conda_forge.tar.bz2#d7c89558ba9fa0495403155b64376d81
https://conda.anaconda.org/conda-forge/linux-64/ca-certificates-2021.5.30-ha878542_0.tar.bz2#6a777890e94194dc94a29a76d2a7e721
https://conda.anaconda.org/conda-forge/linux-64/ld_impl_linux-64-2.36.1-hea4e1c9_2.tar.bz2#bd4f2e711b39af170e7ff15163fe87ee
https://conda.anaconda.org/conda-forge/linux-64/libgfortran5-11.2.0-h5c6108e_8.tar.bz2#1672a7e59c23aac19cb01260e873a4b0
https://conda.anaconda.org/conda-forge/linux-64/libstdcxx-ng-11.2.0-he4da1e4_8.tar.bz2#cee237cb6cd08c65c2f74ada9524b768
https://conda.anaconda.org/conda-forge/noarch/tzdata-2021a-he74cb21_1.tar.bz2#cc5690eb258c3706f754306f191da8d8
https://conda.anaconda.org/conda-forge/linux-64/libgfortran-ng-11.2.0-h69a702a_8.tar.bz2#d246e04ac94318cfe8ad8879a41e908e
https://conda.anaconda.org/conda-forge/linux-64/libgomp-11.2.0-h1d223b6_8.tar.bz2#9c5ec5d954d2009c6b267ed25346ef87
https://conda.anaconda.org/conda-forge/linux-64/_openmp_mutex-4.5-1_gnu.tar.bz2#561e277319a41d4f24f5c05a9ef63c04
https://conda.anaconda.org/conda-forge/linux-64/libgcc-ng-11.2.0-h1d223b6_8.tar.bz2#2de68a054a079032d30dcd54ebf2ecb9
https://conda.anaconda.org/conda-forge/linux-64/expat-2.4.1-h9c3ff4c_0.tar.bz2#16054ef3cb3ec5d8d29d08772662f65d
https://conda.anaconda.org/conda-forge/linux-64/gmp-6.2.1-h58526e2_0.tar.bz2#b94cf2db16066b242ebd26db2facbd56
https://conda.anaconda.org/conda-forge/linux-64/jbig-2.1-h7f98852_2003.tar.bz2#1aa0cee79792fa97b7ff4545110b60bf
https://conda.anaconda.org/conda-forge/linux-64/jpeg-9d-h36c2ea0_0.tar.bz2#ea02ce6037dbe81803ae6123e5ba1568
https://conda.anaconda.org/conda-forge/linux-64/lerc-2.2.1-h9c3ff4c_0.tar.bz2#ea833dcaeb9e7ac4fac521f1a7abec82
https://conda.anaconda.org/conda-forge/linux-64/libdeflate-1.7-h7f98852_5.tar.bz2#10e242842cd30c59c12d79371dc0f583
https://conda.anaconda.org/conda-forge/linux-64/libffi-3.4.2-h9c3ff4c_3.tar.bz2#1c66277666ed4193aa95b22ddc877415
https://conda.anaconda.org/conda-forge/linux-64/libiconv-1.16-h516909a_0.tar.bz2#5c0f338a513a2943c659ae619fca9211
https://conda.anaconda.org/conda-forge/linux-64/libntlm-1.4-h7f98852_1002.tar.bz2#e728e874159b042d92b90238a3cb0dc2
https://conda.anaconda.org/conda-forge/linux-64/libopenblas-0.3.17-pthreads_h8fe5266_1.tar.bz2#7f96c04618e952e0f9d94d5e07545a71
https://conda.anaconda.org/conda-forge/linux-64/libwebp-base-1.2.1-h7f98852_0.tar.bz2#90607c4c0247f04ec98b48997de71c1a
https://conda.anaconda.org/conda-forge/linux-64/lz4-c-1.9.3-h9c3ff4c_1.tar.bz2#fbe97e8fa6f275d7c76a09e795adc3e6
https://conda.anaconda.org/conda-forge/linux-64/ncurses-6.2-h58526e2_4.tar.bz2#509f2a21c4a09214cd737a480dfd80c9
https://conda.anaconda.org/conda-forge/linux-64/oniguruma-6.9.7.1-h7f98852_0.tar.bz2#6ef7daaee0dd6a1a94cbf2689b9e57a5
https://conda.anaconda.org/conda-forge/linux-64/openssl-1.1.1l-h7f98852_0.tar.bz2#de7b38a1542dbe6f41653a8ae71adc53
https://conda.anaconda.org/conda-forge/linux-64/pcre-8.45-h9c3ff4c_0.tar.bz2#c05d1820a6d34ff07aaaab7a9b7eddaa
https://conda.anaconda.org/conda-forge/linux-64/xxhash-0.8.0-h7f98852_3.tar.bz2#52402c791f35e414e704b7a113f99605
https://conda.anaconda.org/conda-forge/linux-64/xz-5.2.5-h516909a_1.tar.bz2#33f601066901f3e1a85af3522a8113f9
https://conda.anaconda.org/conda-forge/linux-64/yaml-0.2.5-h516909a_0.tar.bz2#03a530e925414902547cf48da7756db8
https://conda.anaconda.org/conda-forge/linux-64/zlib-1.2.11-h516909a_1010.tar.bz2#339cc5584e6d26bc73a875ba900028c3
https://conda.anaconda.org/conda-forge/linux-64/gettext-0.19.8.1-h73d1719_1007.tar.bz2#0adf094c584b1f5c52ff688b25732e65
https://conda.anaconda.org/conda-forge/linux-64/jq-1.6-h36c2ea0_1000.tar.bz2#8578ae83310b8c9f5717f1aa65054f36
https://conda.anaconda.org/conda-forge/linux-64/libblas-3.9.0-11_linux64_openblas.tar.bz2#b8a498e2cac5746b808d5961cb584a13
https://conda.anaconda.org/conda-forge/linux-64/libedit-3.1.20191231-he28a2e2_2.tar.bz2#4d331e44109e3f0e19b4cb8f9b82f3e1
https://conda.anaconda.org/conda-forge/linux-64/libpng-1.6.37-h21135ba_2.tar.bz2#b6acf807307d033d4b7e758b4f44b036
https://conda.anaconda.org/conda-forge/linux-64/readline-8.1-h46c0cb4_0.tar.bz2#5788de3c8d7a7d64ac56c784c4ef48e6
https://conda.anaconda.org/conda-forge/linux-64/tk-8.6.11-h27826a3_1.tar.bz2#84e76fb280e735fec1efd2d21fd9cb27
https://conda.anaconda.org/conda-forge/linux-64/zstd-1.5.0-ha95c52a_0.tar.bz2#b56f94865e2de36abf054e7bfa499034
https://conda.anaconda.org/conda-forge/linux-64/freetype-2.10.4-h0708190_1.tar.bz2#4a06f2ac2e5bfae7b6b245171c3f07aa
https://conda.anaconda.org/conda-forge/linux-64/krb5-1.19.2-hcc1bbae_0.tar.bz2#81256fa86f9b65cf8ca726eeb3a7f283
https://conda.anaconda.org/conda-forge/linux-64/libcblas-3.9.0-11_linux64_openblas.tar.bz2#59bf439337c9ec59297f701e4ee97e09
https://conda.anaconda.org/conda-forge/linux-64/libglib-2.68.4-h174f98d_1.tar.bz2#bbdd1d97559e052c98edd08a408218b4
https://conda.anaconda.org/conda-forge/linux-64/libgpg-error-1.42-h9c3ff4c_0.tar.bz2#1f76914c99b4275c2f6b677e1cc2b8a5
https://conda.anaconda.org/conda-forge/linux-64/liblapack-3.9.0-11_linux64_openblas.tar.bz2#00d3680586af1f0689398b080e273cbb
https://conda.anaconda.org/conda-forge/linux-64/libtiff-4.3.0-hf544144_1.tar.bz2#a65a4158716bd7d95bfa69bcfd83081c
https://conda.anaconda.org/conda-forge/linux-64/sqlite-3.36.0-h9cd32fc_1.tar.bz2#776f3956ac2bcbc5e85201d21baf8aa7
https://conda.anaconda.org/conda-forge/linux-64/cyrus-sasl-2.1.27-h230043b_3.tar.bz2#293d808d47c7ba0f3fd4ad4a815ee27d
https://conda.anaconda.org/conda-forge/linux-64/glib-tools-2.68.4-h9c3ff4c_1.tar.bz2#023f5d95c2ab4dd78ff5fb62fa421266
https://conda.anaconda.org/conda-forge/linux-64/lcms2-2.12-hddcbb42_0.tar.bz2#797117394a4aa588de6d741b06fad80f
https://conda.anaconda.org/conda-forge/linux-64/libgcrypt-1.9.3-h7f98852_1.tar.bz2#244650385462998e76597aa87010ade7
https://conda.anaconda.org/conda-forge/linux-64/openjpeg-2.4.0-hb52868f_1.tar.bz2#b7ad78ad2e9ee155f59e6428406ee824
https://conda.anaconda.org/conda-forge/linux-64/python-3.9.7-hb7a2778_2_cpython.tar.bz2#120088a193e28238e8e53b412f66410d
https://conda.anaconda.org/conda-forge/noarch/async-timeout-3.0.1-py_1000.tar.bz2#8b11024b2762a07aaa07d2743231a41b
https://conda.anaconda.org/conda-forge/noarch/attrs-21.2.0-pyhd8ed1ab_0.tar.bz2#d2e1c7f388ac403df7079b411c37cc50
https://conda.anaconda.org/conda-forge/noarch/charset-normalizer-2.0.0-pyhd8ed1ab_0.tar.bz2#4a57e24d5b759893615c05926b7b5fb9
https://conda.anaconda.org/conda-forge/linux-64/glib-2.68.4-h9c3ff4c_1.tar.bz2#32b3393dcde206d3e448c004af06a93b
https://conda.anaconda.org/conda-forge/noarch/idna-3.1-pyhd3deb0d_0.tar.bz2#9c9aea4b8391264477df484f798562d0
https://conda.anaconda.org/conda-forge/noarch/jeepney-0.7.1-pyhd8ed1ab_0.tar.bz2#45f08d18f76b2c6ccefbccb0d5708b4a
https://conda.anaconda.org/conda-forge/linux-64/libgsasl-1.10.0-h5b4c23d_0.tar.bz2#e51f10c96ef8a793b7fe26638154975b
https://conda.anaconda.org/conda-forge/noarch/nest-asyncio-1.5.1-pyhd8ed1ab_0.tar.bz2#47a51a5b8f9cc41004c8d7bd88b62447
https://conda.anaconda.org/conda-forge/noarch/olefile-0.46-pyh9f0ad1d_1.tar.bz2#0b2e68acc8c78c8cc392b90983481f58
https://conda.anaconda.org/conda-forge/noarch/pycparser-2.20-pyh9f0ad1d_2.tar.bz2#aa798d50ffd182a0f6f31478c7f434f6
https://conda.anaconda.org/conda-forge/noarch/pyparsing-2.4.7-pyh9f0ad1d_0.tar.bz2#626c4f20d5bf06dcec9cf2eaa31725c7
https://conda.anaconda.org/conda-forge/noarch/python-mimeparse-1.6.0-py_1.tar.bz2#7d63cb6eb649fdbedf43893f81f9f019
https://conda.anaconda.org/conda-forge/linux-64/python_abi-3.9-2_cp39.tar.bz2#39adde4247484de2bb4000122fdcf665
https://conda.anaconda.org/conda-forge/noarch/pytz-2021.1-pyhd8ed1ab_0.tar.bz2#3af2e9424d5eb0063824a3f9b850d411
https://conda.anaconda.org/conda-forge/noarch/schedule-1.1.0-pyhd8ed1ab_0.tar.bz2#d16c7a46e1cea84b2771ce3976d612af
https://conda.anaconda.org/conda-forge/noarch/six-1.16.0-pyh6c4a22f_0.tar.bz2#e5f25f8dbc060e9a8d912e432202afc2
https://conda.anaconda.org/conda-forge/noarch/soupsieve-2.0.1-py_1.tar.bz2#aa1db70848c19bace567ba39a157f508
https://conda.anaconda.org/conda-forge/noarch/toml-0.10.2-pyhd8ed1ab_0.tar.bz2#f832c45a477c78bebd107098db465095
https://conda.anaconda.org/conda-forge/noarch/typing_extensions-3.10.0.2-pyha770c72_0.tar.bz2#85dfd487a244bbe2cf7019ce8a39b5bc
https://conda.anaconda.org/conda-forge/noarch/webencodings-0.5.1-py_1.tar.bz2#3563be4c5611a44210d9ba0c16113136
https://conda.anaconda.org/conda-forge/noarch/xmltodict-0.12.0-py_0.tar.bz2#5f9715657f780b73fc3118ff9efd8562
https://conda.anaconda.org/conda-forge/noarch/zipp-3.5.0-pyhd8ed1ab_0.tar.bz2#f9dd05a5ed6b81c91f097e3739107a74
https://conda.anaconda.org/conda-forge/noarch/beautifulsoup4-4.10.0-pyha770c72_0.tar.bz2#c29e0b4a2ff546cedbe6dc2921948a1d
https://conda.anaconda.org/conda-forge/linux-64/certifi-2021.5.30-py39hf3d152e_0.tar.bz2#7bbfaa3b8363bf8505d7f65e4e2e8a90
https://conda.anaconda.org/conda-forge/linux-64/cffi-1.14.6-py39h4bc2ebd_1.tar.bz2#f37f029c3b2599386d3ba8fc1b29a8a0
https://conda.anaconda.org/conda-forge/linux-64/chardet-4.0.0-py39hf3d152e_1.tar.bz2#d0da429a3428ffcacaad25595b96a648
https://conda.anaconda.org/conda-forge/noarch/cycler-0.10.0-py_2.tar.bz2#f6d7c7e6d8f42cbbec7e07a8d879f91c
https://conda.anaconda.org/conda-forge/linux-64/dbus-1.13.6-h48d8840_2.tar.bz2#eba672c69baf366fdedd1c6f702dbb81
https://conda.anaconda.org/conda-forge/noarch/html5lib-1.1-pyh9f0ad1d_0.tar.bz2#b2355343d6315c892543200231d7154a
https://conda.anaconda.org/conda-forge/linux-64/importlib-metadata-4.8.1-py39hf3d152e_0.tar.bz2#3223ee559a24f841abc9826de097a7f9
https://conda.anaconda.org/conda-forge/linux-64/kiwisolver-1.3.2-py39h1a9c180_0.tar.bz2#7e33fd9028b22d14f299e610aa96779d
https://conda.anaconda.org/conda-forge/linux-64/librdkafka-1.7.0-hc49e61c_0.tar.bz2#e977563ed9a4037ac7c80d3ca82fc9d7
https://conda.anaconda.org/conda-forge/linux-64/multidict-5.1.0-py39h3811e60_1.tar.bz2#8a109e2749c19efbba72c3a6dccc5063
https://conda.anaconda.org/conda-forge/linux-64/numpy-1.21.2-py39hdbf815f_0.tar.bz2#f65104b4a1006c61037e6a7a6aa0b72f
https://conda.anaconda.org/conda-forge/linux-64/pillow-8.3.2-py39ha612740_0.tar.bz2#e1e676b09fe9e9ad5e88335eca545443
https://conda.anaconda.org/conda-forge/linux-64/psutil-5.8.0-py39h3811e60_1.tar.bz2#29cb4c7769cc2a6e86cc13615e9b4a15
https://conda.anaconda.org/conda-forge/linux-64/pycryptodome-3.10.1-py39h81fec48_0.tar.bz2#6473315a8226ad3d50d5d664f9c1c3ac
https://conda.anaconda.org/conda-forge/linux-64/pymongo-3.12.0-py39he80948d_0.tar.bz2#19b01c20ad6b5d71f9798ad453f36cd7
https://conda.anaconda.org/conda-forge/linux-64/pysocks-1.7.1-py39hf3d152e_3.tar.bz2#f7e7fdc66f2362bebc407f1ab7d10f63
https://conda.anaconda.org/conda-forge/noarch/python-dateutil-2.8.2-pyhd8ed1ab_0.tar.bz2#dd999d1cc9f79e67dbb855c8924c7984
https://conda.anaconda.org/conda-forge/linux-64/python-xxhash-2.0.2-py39h3811e60_0.tar.bz2#8d7199621dbdfe8d1322876a19c2be5e
https://conda.anaconda.org/conda-forge/linux-64/pyyaml-5.4.1-py39h3811e60_1.tar.bz2#5962965a723e43a09029b6976411bf0a
https://conda.anaconda.org/conda-forge/linux-64/setuptools-58.0.4-py39hf3d152e_1.tar.bz2#346acd025476085951ea13a87cc11222
https://conda.anaconda.org/conda-forge/linux-64/tornado-6.1-py39h3811e60_1.tar.bz2#763597c8b91b69789ab0f6002439c32b
https://conda.anaconda.org/conda-forge/noarch/typing-extensions-3.10.0.2-hd8ed1ab_0.tar.bz2#786c3b0de977da13146a2eaaa091ac46
https://conda.anaconda.org/conda-forge/linux-64/ujson-4.2.0-py39he80948d_0.tar.bz2#eb08c5b2817ca6d9edd0ec32d15e3360
https://conda.anaconda.org/conda-forge/linux-64/brotlipy-0.7.0-py39h3811e60_1001.tar.bz2#35ad78e61aec955783acfd00f3c6bcde
https://conda.anaconda.org/conda-forge/linux-64/cryptography-3.4.7-py39hbca0aa6_0.tar.bz2#04e97f7d5c60f75a36b1e4bdf3652ebd
https://conda.anaconda.org/conda-forge/linux-64/extinction-0.4.6-py39hce5d2b2_0.tar.bz2#295f5366ac52919105b7113288220fee
https://conda.anaconda.org/conda-forge/linux-64/iminuit-2.8.3-py39he80948d_1.tar.bz2#dbda33295c8dc4c1f0743a08dc154229
https://conda.anaconda.org/conda-forge/noarch/importlib_metadata-4.8.1-hd8ed1ab_0.tar.bz2#ce811c521c3a02d7c8ace1cfbd2a0bcd
https://conda.anaconda.org/conda-forge/linux-64/matplotlib-base-3.4.3-py39h2fa2bec_1.tar.bz2#17559929ff13c2a2be1618c1d657191b
https://conda.anaconda.org/conda-forge/linux-64/pandas-1.3.3-py39hde0f152_0.tar.bz2#2803e6624133c71cd0126c592f0f1a90
https://conda.anaconda.org/conda-forge/linux-64/pycares-4.0.0-py39h3811e60_0.tar.bz2#49d960c82121eda8f3673452f3a3bd0a
https://conda.anaconda.org/conda-forge/linux-64/pydantic-1.8.2-py39h3811e60_0.tar.bz2#0b7f7fc8c064db16f1c2909157daaf42
https://conda.anaconda.org/conda-forge/linux-64/pyerfa-2.0.0-py39hce5d2b2_0.tar.bz2#15c60b3e57280a12395cff79cece68e7
https://conda.anaconda.org/conda-forge/linux-64/python-confluent-kafka-1.7.0-py39h3811e60_0.tar.bz2#01458681b469679c7bf62287b48a7004
https://conda.anaconda.org/conda-forge/linux-64/scipy-1.7.1-py39hee8e79c_0.tar.bz2#ad828d8a09ce2e3820b3fce0a3ac85ed
https://conda.anaconda.org/conda-forge/linux-64/yarl-1.6.3-py39h3811e60_2.tar.bz2#434a44b703e7d166cac6a599d28ccc88
https://conda.anaconda.org/conda-forge/noarch/aiodns-2.0.0-py_2.tar.bz2#cc665f42d9c5f1f63d8e7923391ae3b9
https://conda.anaconda.org/conda-forge/linux-64/aiohttp-3.7.4.post0-py39h3811e60_0.tar.bz2#9c014440a979c8805492f69002102e45
https://conda.anaconda.org/conda-forge/noarch/argcomplete-1.12.3-pyhd8ed1ab_2.tar.bz2#b8152341fc3fc9880c6e1b9d188974e5
https://conda.anaconda.org/conda-forge/linux-64/astropy-4.3.1-py39hce5d2b2_1.tar.bz2#51a64869f411a6f9680a1307c77afdc1
https://conda.anaconda.org/conda-forge/noarch/pyopenssl-20.0.1-pyhd8ed1ab_0.tar.bz2#92371c25994d0f5d28a01c1fb75ebf86
https://conda.anaconda.org/conda-forge/linux-64/secretstorage-3.3.1-py39hf3d152e_0.tar.bz2#13af3872e0244e8b105031ad425c9ff3
https://conda.anaconda.org/conda-forge/linux-64/keyring-23.2.1-py39hf3d152e_0.tar.bz2#c4250b3f2167cc112caf95a4e5514216
https://conda.anaconda.org/conda-forge/linux-64/slackclient-2.9.3-py39hf3d152e_0.tar.bz2#936f21f683cc41d4bbb80e43d0cb8002
https://conda.anaconda.org/conda-forge/linux-64/sncosmo-2.5.0-py39hce5d2b2_0.tar.bz2#125f8dcc0d5c44622be760eddc9ccda0
https://conda.anaconda.org/conda-forge/noarch/urllib3-1.26.7-pyhd8ed1ab_0.tar.bz2#be75bab4820a56f77ba1a3fc9139c36a
https://conda.anaconda.org/conda-forge/noarch/yq-2.12.2-pyhd8ed1ab_0.tar.bz2#10b689b04b492efa7a3bd2dbc9e0fc62
https://conda.anaconda.org/conda-forge/noarch/requests-2.26.0-pyhd8ed1ab_0.tar.bz2#0ed2ccbde6db9dd5789068eb7194463f
https://conda.anaconda.org/conda-forge/noarch/pyvo-1.1-py_0.tar.bz2#6adb87b84078031c1be22886446ed9bd
https://conda.anaconda.org/conda-forge/noarch/requests-toolbelt-0.9.1-py_0.tar.bz2#402668adee8fcba9a9c265cdc2a88f5a
https://conda.anaconda.org/conda-forge/noarch/astroquery-0.4.3-pyhd8ed1ab_0.tar.bz2#95a2d4d1665670cf04f6cf239f14de46
# pip ampel-interface === 0.8.0a11 \
# pip      --hash=sha256:8ff40fcca895fb4b9204d6bd31538f2a0ba48d0cc54fdd417ec81d9a6eca0e31 \
# pip      --hash=sha256:729257fb0d3ff87a953023b56d2fb807d29173d4698d463355f0d14e4b0f67d6
# pip prometheus-client === 0.11.0 \
# pip      --hash=sha256:b014bc76815eb1399da8ce5fc84b7717a3e63652b0c0f8804092c9363acab1b2 \
# pip      --hash=sha256:3a8baade6cb80bcfe43297e33e7623f3118d660d41387593758e2fb1ea173a86
# pip sjcl === 0.2.1 \
# pip      --hash=sha256:3761ba01f9f049eaa2f67516054b7bfb2e27fe8bc7c9c630da7168fba58f0c57
# pip ampel-core === 0.8.0a10 \
# pip      --hash=sha256:d5dce6ddfabf00c57155c09c1a966cef5ae9daa6a947beb2a3e564f1837ea5cd \
# pip      --hash=sha256:d7ea23ad29ab7d0c1f7f77c246097ccf9b2e4eb837d13c0ffcba62494864a7d8
# pip mimeparse === 0.1.3 \
# pip      --hash=sha256:534ff6feefe1cd03984f444e6415aacc79c0a85f3b868ec41a2fd5003004c31e
# pip pywin32-ctypes === 0.2.0 \
# pip      --hash=sha256:9dc2d991b3479cc2df15930958b674a48a227d5361d413827a4cfd0b5876fc98 \
# pip      --hash=sha256:24ffc3b341d457d48e8922352130cf2644024a4ff09762a2261fd34c36ee5942
# pip ampel-photometry === 0.8.0a1 \
# pip      --hash=sha256:8a89a2a4ced28f10b06f50f365c9e37370e73981157e526691e8716043d9df95 \
# pip      --hash=sha256:1f0962294381c863272c54dda9d4b197043e9bc330c29efb2393ec86fdb249f6
# pip ampel-alerts === 0.8.0a3 \
# pip      --hash=sha256:0b676c7845276a135c6116a6bf40088677fe7d32f0fc226b0bb165df1e2299f0 \
# pip      --hash=sha256:4f5373e6c12e4d664fa54fcdad99741bfd378f0038f2e06b1cdad56353f4dc8f
# pip backoff === 1.11.1 \
# pip      --hash=sha256:61928f8fa48d52e4faa81875eecf308eccfb1016b018bb6bd21e05b5d90a96c5 \
# pip      --hash=sha256:ccb962a2378418c667b3c979b504fdeb7d9e0d29c0579e3b13b86467177728cb
# pip fastavro === 1.4.5 \
# pip      --hash=sha256:48e6907088c058342635b577427c8d78ab18c8d20ca58a0c5365e5eb3157c6e2 \
# pip      --hash=sha256:7ee068012da1d262f2ae60798ad142cb7dd91eac21d04f379553924b91a46fff \
# pip      --hash=sha256:a6b95e003a4c6668c102bd39cdeda7bdf38c16db46926a0b9f92800836e437f7 \
# pip      --hash=sha256:6187bf2a37c2ca33a78bc424e874869b35593fcd059988487faa02f6b7b57f73 \
# pip      --hash=sha256:e7ea611a956c508bd97d2a2bc17c3fcdec48bd1151ad05b0e251bf2e50994665 \
# pip      --hash=sha256:431d382657812d9b24f2d16663841721187e7e89b137b8b34fdeee7809d66e88 \
# pip      --hash=sha256:06b531f1be2878c3eef7efdc68d637a3bfe2b6b074edde30ab6321bbb5ac1961 \
# pip      --hash=sha256:5d8163fe404c1c48ce973772b5a00d1f696ae04c5e3ae4aa63c89276e617af63 \
# pip      --hash=sha256:fe37f2e2e8e1170abe50dd113a730ffcb64d75b5a68997da2b22bb8545439642 \
# pip      --hash=sha256:9cad773eccad51271faacafb7a4bb8c387e456eb419090cb529c116a4d918a89 \
# pip      --hash=sha256:a60af4595b68838ce736aec0e9221d3e50dd29f26c6409f63f41256bfb6ef5c8 \
# pip      --hash=sha256:4dfcd2401759a80da6ceb4e46af660626d77c235b903db09c74d031f8e02a219 \
# pip      --hash=sha256:246cc9043b31a004e13204fef72917bdb4886b752defe08eb32da3d87123802f \
# pip      --hash=sha256:61603a2b46cd6ca06a250fec3011c40400683c9b57d934f3e4d5cc3fe0f3d254 \
# pip      --hash=sha256:fafe37983605ed74a5ca8063951f6d5984ad871e0ff895f14afa81a6d88c316e \
# pip      --hash=sha256:4043ca61362601dbc9b0b51e852207130677842e93d95b5a5327c3ad478f14e1 \
# pip      --hash=sha256:fb5b4b46bd9f89be07921752bac952daa872a79f94fadf01f3679da906824424
# pip ampel-ztf === 0.8.0a4 \
# pip      --hash=sha256:d258e4a885990c74181101be041561aa589cda50ea751bafe6166800dcb6d819 \
# pip      --hash=sha256:d79afbcbc4037befe2338e40959c4b0b5a3adeec4ddb2b8839d99734a2d4a6a5
# pip pymage @ https://github.com/MickaelRigault/pymage/archive/v1.0.tar.gz \
# pip      --hash=sha256:11e99c4ea06b76ca7fb5b42d1d35d64139a4fa6f7f163a2f0f9cc3ea0b3c55eb
# pip sfdmap === 0.1.1 \
# pip      --hash=sha256:12d9d03ab5f32a70ce363543fae53b568ae457dfcd8e6045f7ab5142a59a06a2
