# Generated by conda-lock.
# platform: osx-64
# input_hash: 201ac90091c7defe26eccf9b3d3c09cdad780da678990da7b6a67886501215fa
@EXPLICIT
https://conda.anaconda.org/conda-forge/noarch/adjusttext-0.7.3.1-py_1.tar.bz2#1e4a4438639a2e3e762f0cd4b43c984e
https://conda.anaconda.org/conda-forge/noarch/attrs-21.4.0-pyhd8ed1ab_0.tar.bz2#f70280205d7044c8b8358c8de3190e5d
https://conda.anaconda.org/conda-forge/noarch/backoff-1.11.1-pyhd8ed1ab_0.tar.bz2#a66ed29a35bea3b34d8f1cf87bd748b2
https://conda.anaconda.org/conda-forge/noarch/beautifulsoup4-4.10.0-pyha770c72_0.tar.bz2#c29e0b4a2ff546cedbe6dc2921948a1d
https://conda.anaconda.org/conda-forge/noarch/charset-normalizer-2.0.9-pyhd8ed1ab_0.tar.bz2#a57a3f6f2b0a7400e340f850c405df19
https://conda.anaconda.org/conda-forge/noarch/cycler-0.11.0-pyhd8ed1ab_0.tar.bz2#a50559fad0affdbb33729a68669ca1cb
https://conda.anaconda.org/conda-forge/noarch/idna-3.1-pyhd3deb0d_0.tar.bz2#9c9aea4b8391264477df484f798562d0
https://conda.anaconda.org/conda-forge/noarch/iniconfig-1.1.1-pyh9f0ad1d_0.tar.bz2#39161f81cc5e5ca45b8226fbb06c6905
https://conda.anaconda.org/conda-forge/noarch/more-itertools-8.12.0-pyhd8ed1ab_0.tar.bz2#1338809c9c8e56f1b6f69d4b8e0ed7f7
https://conda.anaconda.org/conda-forge/noarch/munkres-1.1.4-pyh9f0ad1d_0.tar.bz2#2ba8498c1018c1e9c61eb99b973dfe19
https://conda.anaconda.org/conda-forge/noarch/olefile-0.46-pyh9f0ad1d_1.tar.bz2#0b2e68acc8c78c8cc392b90983481f58
https://conda.anaconda.org/conda-forge/noarch/packaging-21.3-pyhd8ed1ab_0.tar.bz2#71f1ab2de48613876becddd496371c85
https://conda.anaconda.org/conda-forge/noarch/pip-21.3.1-pyhd8ed1ab_0.tar.bz2#e4fe2a9af78ff11f1aced7e62128c6a8
https://conda.anaconda.org/conda-forge/noarch/py-1.11.0-pyh6c4a22f_0.tar.bz2#b4613d7e7a493916d867842a6a148054
https://conda.anaconda.org/conda-forge/noarch/pycparser-2.21-pyhd8ed1ab_0.tar.bz2#076becd9e05608f8dc72757d5f3a91ff
https://conda.anaconda.org/conda-forge/noarch/pyopenssl-21.0.0-pyhd8ed1ab_0.tar.bz2#8c49efecb7dca466e18b06015e8c88ce
https://conda.anaconda.org/conda-forge/noarch/pyparsing-3.0.6-pyhd8ed1ab_0.tar.bz2#3087df8c636c5a00e694605c39ce4982
https://conda.anaconda.org/conda-forge/noarch/pytest-cov-2.12.1-pyhd8ed1ab_0.tar.bz2#806b9d494058d0ec2dfd76607d1c33f4
https://conda.anaconda.org/conda-forge/noarch/pytest-mock-3.6.1-pyhd8ed1ab_0.tar.bz2#95d022e1556adb78274d59bdf0939608
https://conda.anaconda.org/conda-forge/noarch/python-dateutil-2.8.2-pyhd8ed1ab_0.tar.bz2#dd999d1cc9f79e67dbb855c8924c7984
https://conda.anaconda.org/conda-forge/noarch/pytz-2021.3-pyhd8ed1ab_0.tar.bz2#7e4f811bff46a5a6a7e0094921389395
https://conda.anaconda.org/conda-forge/noarch/requests-2.27.0-pyhd8ed1ab_0.tar.bz2#309adb389b0a8613753cce88c7b05eb8
https://conda.anaconda.org/conda-forge/noarch/seaborn-base-0.11.2-pyhd8ed1ab_0.tar.bz2#fe2303dc8f1febeb82d927ce8ad153ed
https://conda.anaconda.org/conda-forge/noarch/six-1.16.0-pyh6c4a22f_0.tar.bz2#e5f25f8dbc060e9a8d912e432202afc2
https://conda.anaconda.org/conda-forge/noarch/soupsieve-2.3.1-pyhd8ed1ab_0.tar.bz2#d821b295c4bd18ad27e1e19543a5784a
https://conda.anaconda.org/conda-forge/noarch/toml-0.10.2-pyhd8ed1ab_0.tar.bz2#f832c45a477c78bebd107098db465095
https://conda.anaconda.org/conda-forge/noarch/tomli-2.0.0-pyhd8ed1ab_1.tar.bz2#9b49de2db8b4a4a48c424629694fbd37
https://conda.anaconda.org/conda-forge/noarch/types-pytz-2021.3.3-pyhd8ed1ab_0.tar.bz2#36e459e1403873b3f0ef727a50f4604f
https://conda.anaconda.org/conda-forge/noarch/types-requests-2.26.3-pyhd8ed1ab_0.tar.bz2#f909a2c631b644f7d8863230c8b929ae
https://conda.anaconda.org/conda-forge/noarch/typing_extensions-4.0.1-pyha770c72_0.tar.bz2#1fc03816925d3cb7fdab9ab234e7fea7
https://conda.anaconda.org/conda-forge/noarch/tzdata-2021e-he74cb21_0.tar.bz2#a751ec502589ebdc2eceb183ff602569
https://conda.anaconda.org/conda-forge/noarch/urllib3-1.26.7-pyhd8ed1ab_0.tar.bz2#be75bab4820a56f77ba1a3fc9139c36a
https://conda.anaconda.org/conda-forge/noarch/wheel-0.37.1-pyhd8ed1ab_0.tar.bz2#1ca02aaf78d9c70d9a81a3bed5752022
https://conda.anaconda.org/conda-forge/noarch/zipp-3.6.0-pyhd8ed1ab_0.tar.bz2#855e2c4622f5eb50a4f6f7167b9ba17a
https://conda.anaconda.org/conda-forge/osx-64/astropy-5.0-py39hc89836e_0.tar.bz2#e2273d4681c25a1e1f92c02e3879530d
https://conda.anaconda.org/conda-forge/osx-64/brotli-1.0.9-h0d85af4_6.tar.bz2#742964fe79862ba2d03365a16278a877
https://conda.anaconda.org/conda-forge/osx-64/brotli-bin-1.0.9-h0d85af4_6.tar.bz2#00d57e8424c3fe0aeb3c37418e1b910e
https://conda.anaconda.org/conda-forge/osx-64/brotlipy-0.7.0-py39h89e85a6_1003.tar.bz2#318f80caf8cf6816f2dd7b7ee001322d
https://conda.anaconda.org/conda-forge/osx-64/bzip2-1.0.8-h0d85af4_4.tar.bz2#37edc4e6304ca87316e160f5ca0bd1b5
https://conda.anaconda.org/conda-forge/osx-64/ca-certificates-2021.10.8-h033912b_0.tar.bz2#bb82d0243db9882b509702ecb69e38f0
https://conda.anaconda.org/conda-forge/osx-64/certifi-2021.10.8-py39h6e9494a_1.tar.bz2#92d08816d4b2e58a34a57013e3a636f0
https://conda.anaconda.org/conda-forge/osx-64/cffi-1.15.0-py39he338e87_0.tar.bz2#eb43d870c7a57ac917962fbb68455677
https://conda.anaconda.org/conda-forge/osx-64/coverage-6.2-py39h89e85a6_0.tar.bz2#64c8547cf3d16d42b86a2b5c88fa7f01
https://conda.anaconda.org/conda-forge/osx-64/cryptography-36.0.1-py39h209aa08_0.tar.bz2#ca8fa372f4f6104e41ca4028dca9458a
https://conda.anaconda.org/conda-forge/osx-64/cyrus-sasl-2.1.27-ha724b88_5.tar.bz2#8932feb6ab55a6ebd385b43af6dcc870
https://conda.anaconda.org/conda-forge/osx-64/extinction-0.4.6-py39hc89836e_1.tar.bz2#f31e6eeeecb2ee5670a1927ffff1bcb3
https://conda.anaconda.org/conda-forge/osx-64/fonttools-4.28.5-py39h89e85a6_0.tar.bz2#7f5103ac7ad8130a0d2b693b5306f2a3
https://conda.anaconda.org/conda-forge/osx-64/freetype-2.10.4-h4cff582_1.tar.bz2#5a136a432c6062362cd7990c514bd8d6
https://conda.anaconda.org/conda-forge/osx-64/iminuit-2.8.4-py39h9fcab8e_1.tar.bz2#8c2d57943d8212edbfbd6f639a8426fd
https://conda.anaconda.org/conda-forge/osx-64/importlib-metadata-4.10.0-py39h6e9494a_0.tar.bz2#74a3bb7b7b6def1431315d165988f8ff
https://conda.anaconda.org/conda-forge/osx-64/jbig-2.1-h0d85af4_2003.tar.bz2#4d76d11d3a256931926099498aa3565b
https://conda.anaconda.org/conda-forge/osx-64/jpeg-9d-hbcb3906_0.tar.bz2#ff6fba028f282f94ceb10597d58a56e8
https://conda.anaconda.org/conda-forge/osx-64/kiwisolver-1.3.2-py39hf018cea_1.tar.bz2#ca59e7f33a4c69c58f41b1820a503c6a
https://conda.anaconda.org/conda-forge/osx-64/krb5-1.19.2-hcfbf3a7_3.tar.bz2#22a613e8000ad9c0d8a14c5ca1e8e40b
https://conda.anaconda.org/conda-forge/osx-64/lcms2-2.12-h577c468_0.tar.bz2#abce77b852b73670e85e104746b0ea1b
https://conda.anaconda.org/conda-forge/osx-64/lerc-3.0-he49afe7_0.tar.bz2#a1d21f85e4b0d5e27a88ecab5e3961da
https://conda.anaconda.org/conda-forge/osx-64/libblas-3.9.0-12_osx64_openblas.tar.bz2#3d38a706f06849a4b08f8a3f642bec93
https://conda.anaconda.org/conda-forge/osx-64/libbrotlicommon-1.0.9-h0d85af4_6.tar.bz2#bb40dfcead1d3522ed7e58159080f735
https://conda.anaconda.org/conda-forge/osx-64/libbrotlidec-1.0.9-h0d85af4_6.tar.bz2#8c6e36e5df668a3d44193837319b3444
https://conda.anaconda.org/conda-forge/osx-64/libbrotlienc-1.0.9-h0d85af4_6.tar.bz2#6718e3c3b3cc237695b3a6bc5a1b2ccb
https://conda.anaconda.org/conda-forge/osx-64/libcblas-3.9.0-12_osx64_openblas.tar.bz2#0cb9afc4cfdc6e95aa38328fc1befa05
https://conda.anaconda.org/conda-forge/osx-64/libcxx-12.0.1-habf9029_1.tar.bz2#444dfb8ed0bf2a8864f73eb6436b29e0
https://conda.anaconda.org/conda-forge/osx-64/libdeflate-1.8-h0d85af4_0.tar.bz2#0c233c9a12552ee43d1e3f477f2a54ee
https://conda.anaconda.org/conda-forge/osx-64/libedit-3.1.20191231-h0678c8f_2.tar.bz2#6016a8a1d0e63cac3de2c352cd40208b
https://conda.anaconda.org/conda-forge/osx-64/libffi-3.4.2-h0d85af4_5.tar.bz2#ccb34fb14960ad8b125962d3d79b31a9
https://conda.anaconda.org/conda-forge/osx-64/libgfortran-5.0.0-9_3_0_h6c81a4c_23.tar.bz2#60f48cef2d50674e0428c5579b6c3f66
https://conda.anaconda.org/conda-forge/osx-64/libgfortran5-9.3.0-h6c81a4c_23.tar.bz2#a6956ceb628b14594613cefee5127a7a
https://conda.anaconda.org/conda-forge/osx-64/liblapack-3.9.0-12_osx64_openblas.tar.bz2#ca35c8b85ced3a53059c7a001518cbae
https://conda.anaconda.org/conda-forge/osx-64/libntlm-1.4-h35c211d_1002.tar.bz2#2717a6f1eb3d93702cf545400cfca7cc
https://conda.anaconda.org/conda-forge/osx-64/libopenblas-0.3.18-openmp_h3351f45_0.tar.bz2#a0636ed965924977a848fd0d0258cf17
https://conda.anaconda.org/conda-forge/osx-64/libpng-1.6.37-h7cec526_2.tar.bz2#9e52521faba2b53269672628d34e1513
https://conda.anaconda.org/conda-forge/osx-64/librdkafka-1.7.0-hdbda98f_1.tar.bz2#281d16e2a365d89e986acc701267a614
https://conda.anaconda.org/conda-forge/osx-64/libtiff-4.3.0-hd146c10_2.tar.bz2#f83e9c7a6f2458e85a267df87cd57ca1
https://conda.anaconda.org/conda-forge/osx-64/libwebp-base-1.2.1-h0d85af4_0.tar.bz2#8c6f05a6655b7911c62910343ba806d1
https://conda.anaconda.org/conda-forge/osx-64/libzlib-1.2.11-h9173be1_1013.tar.bz2#a3a6a53beaa92c5cfe52ee3a198e78cc
https://conda.anaconda.org/conda-forge/osx-64/llvm-openmp-12.0.1-hda6cdc1_1.tar.bz2#35b1fd6ed9f0f1c68583dc9c9f672513
https://conda.anaconda.org/conda-forge/osx-64/lz4-c-1.9.3-he49afe7_1.tar.bz2#05c08241b66631c00ca4f9e0b75320bc
https://conda.anaconda.org/conda-forge/osx-64/matplotlib-base-3.5.1-py39hb07454d_0.tar.bz2#60f491afdc00880023a3b978c958479b
https://conda.anaconda.org/conda-forge/osx-64/mypy-0.930-py39h89e85a6_0.tar.bz2#4240a54c318629c1ce8c9d2b6d25a2e3
https://conda.anaconda.org/conda-forge/osx-64/mypy_extensions-0.4.3-py39h6e9494a_4.tar.bz2#088105fe89bff4b5492eb2085f671765
https://conda.anaconda.org/conda-forge/osx-64/ncurses-6.2-h2e338ed_4.tar.bz2#9cef1910395d1543527583e73dba30f1
https://conda.anaconda.org/conda-forge/osx-64/numpy-1.22.0-py39h9d9ce41_0.tar.bz2#7061211c2e66530808f666cf02c8be8f
https://conda.anaconda.org/conda-forge/osx-64/openjpeg-2.4.0-h6e7aa92_1.tar.bz2#c8cbb6d99f6467246ac26a139256e50f
https://conda.anaconda.org/conda-forge/osx-64/openssl-1.1.1l-h0d85af4_0.tar.bz2#f7bcdbb7a5dae97030eee20b884b1f8a
https://conda.anaconda.org/conda-forge/osx-64/pandas-1.3.5-py39h4d6be9b_0.tar.bz2#4ff68a87a85596cee8543127dbcadee7
https://conda.anaconda.org/conda-forge/osx-64/pillow-8.4.0-py39he9bb72f_0.tar.bz2#cf632c5ba3ba61d7cf144e28810e24f7
https://conda.anaconda.org/conda-forge/osx-64/pluggy-1.0.0-py39h6e9494a_2.tar.bz2#0837336c3a2d14e137650bbbc9186695
https://conda.anaconda.org/conda-forge/osx-64/psutil-5.9.0-py39h89e85a6_0.tar.bz2#519991ba87320fd5f787368b2c5d37c7
https://conda.anaconda.org/conda-forge/osx-64/pyerfa-2.0.0.1-py39hc89836e_1.tar.bz2#e8f1f56f302b3841effc97e521605010
https://conda.anaconda.org/conda-forge/osx-64/pysocks-1.7.1-py39h6e9494a_4.tar.bz2#ffb5b848146817cc09272badc2d00880
https://conda.anaconda.org/conda-forge/osx-64/pytest-6.2.5-py39h6e9494a_1.tar.bz2#21f34c4fc1f9f16d2a41ea6766eadbf3
https://conda.anaconda.org/conda-forge/osx-64/python-3.9.9-h1248fe1_0_cpython.tar.bz2#d45d6770ab1d017405547def20e2da8a
https://conda.anaconda.org/conda-forge/osx-64/python-confluent-kafka-1.7.0-py39h89e85a6_2.tar.bz2#6f8bb9a635bad6dba5c271df7e600fc1
https://conda.anaconda.org/conda-forge/osx-64/python_abi-3.9-2_cp39.tar.bz2#262f557ee8ca777fe2190956038024cd
https://conda.anaconda.org/conda-forge/osx-64/pyyaml-6.0-py39h89e85a6_3.tar.bz2#58aa79ae5416c058bcb4942dd55ec341
https://conda.anaconda.org/conda-forge/osx-64/readline-8.1-h05e3726_0.tar.bz2#2832e9b6a7caa7cb192fcda6cfcd8871
https://conda.anaconda.org/conda-forge/osx-64/scipy-1.7.3-py39h056f1c0_0.tar.bz2#1c9a4f4d7ddbcc3c6442e276bd910406
https://conda.anaconda.org/conda-forge/osx-64/setuptools-60.2.0-py39h6e9494a_0.tar.bz2#f21664aa05835b1b325ca725dacaa727
https://conda.anaconda.org/conda-forge/osx-64/sncosmo-2.7.0-py39hc89836e_1.tar.bz2#6dab09407d967f536a878d08eeb0c7a0
https://conda.anaconda.org/conda-forge/osx-64/sqlite-3.37.0-h23a322b_0.tar.bz2#68f13bbe00ac288ffc1c1b868bc4da23
https://conda.anaconda.org/conda-forge/osx-64/tk-8.6.11-h5dbffcc_1.tar.bz2#e35b11155bd70facee39dfdec7368ad0
https://conda.anaconda.org/conda-forge/osx-64/xz-5.2.5-haf1e3a3_1.tar.bz2#41116deb499e9bc58048c297d6403ce6
https://conda.anaconda.org/conda-forge/osx-64/yaml-0.2.5-h0d85af4_2.tar.bz2#d7e08fcf8259d742156188e8762b4d20
https://conda.anaconda.org/conda-forge/osx-64/zlib-1.2.11-h9173be1_1013.tar.bz2#cf985617d679990418c380099620b01a
https://conda.anaconda.org/conda-forge/osx-64/zstd-1.5.1-h582d3a0_0.tar.bz2#69f350c9d06845d497193c41e173e8d1
# pip aiohttp @ https://files.pythonhosted.org/packages/dd/22/9b3e55dd0c8c460a9381c97e9f33cd4d7bc6f322f8c3ae5c9737becda9a3/aiohttp-3.8.1-cp39-cp39-macosx_10_9_x86_64.whl#sha256=a996d01ca39b8dfe77440f3cd600825d05841088fd6bc0144cc6c2ec14cc5f74
# pip aiosignal @ https://files.pythonhosted.org/packages/3b/87/fe94898f2d44a93a35d5aa74671ed28094d80753a1113d68b799fab6dc22/aiosignal-1.2.0-py3-none-any.whl#sha256=26e62109036cd181df6e6ad646f91f0dcfd05fe16d0cb924138ff2ab75d64e3a
# pip ampel-alerts @ https://files.pythonhosted.org/packages/65/d9/24b46f63040c16d30fd611b292efb040130d57403702bfb7291dbbf9ddd1/ampel_alerts-0.8.2a4-py3-none-any.whl#sha256=6902c6c29755b444c7aa82bb7bcc31b7b9fceadd42ac886aea456410a16027cf
# pip ampel-core @ https://files.pythonhosted.org/packages/c5/f8/a2d93fc458f258bba232c912863deeda6a7275884ebfb657efac2ba94764/ampel_core-0.8.2a7-py3-none-any.whl#sha256=30524bd9d38706f2b67711bb9a055fdcc751de1feb2f360003543a65a6e09f4c
# pip ampel-interface @ https://files.pythonhosted.org/packages/e7/df/d659474c6f75bd4d0ebb31314618a85feed813b61231d86a389dcf37c8ac/ampel_interface-0.8.2a7-py3-none-any.whl#sha256=983a19a739f2892c635e1bd3dcc44fece1f8d8771eb76636789aa17b6127c8ca
# pip ampel-photometry @ https://files.pythonhosted.org/packages/13/1b/f52cb1cbf55aa6f8e4dac0969f546d3dc9e6d94e93b1adb052f28a6557bb/ampel_photometry-0.8.2a3-py3-none-any.whl#sha256=01bdafb3672021c05f53dcd024684607f1a0b4a08d86ca0fff8266c9d821fa3f
# pip ampel-plots @ https://files.pythonhosted.org/packages/d5/31/d4fe8626715ad7403a18798e8685feea905ef9bb91613a1aefc88121d0a4/ampel_plots-0.8.0a0-py3-none-any.whl#sha256=a95481756fac898bb5c9d529e4399555001c149bf21a3902d33ca9753b4dc9b4
# pip ampel-ztf @ https://files.pythonhosted.org/packages/be/47/b1d3fc087579a0b7b0160ebeffaf3a531d532c2dad338c22707a497c4e49/ampel_ztf-0.8.2a0-py3-none-any.whl#sha256=34ae554c19786490fd0354c6b7442c53453aa0fb688f95472d9a86aa40c236bb
# pip argcomplete @ https://files.pythonhosted.org/packages/d3/e5/c5509683462e51b070df9e83e7f72c1ccfe3f733f328b4a0f06804c27278/argcomplete-2.0.0-py2.py3-none-any.whl#sha256=cffa11ea77999bb0dd27bb25ff6dc142a6796142f68d45b1a26b11f58724561e
# pip astroquery @ https://files.pythonhosted.org/packages/cc/f9/bfe06daf476f2d34db5ce9369d4e1be4b70417156dd9c7fa1ce08eed3a78/astroquery-0.4.5-py3-none-any.whl#sha256=7b78c5d0b3afad3c7c7646a784bc03c5be0e4d350dcca6b4897bcb804ffff89b
# pip async-timeout @ https://files.pythonhosted.org/packages/d6/c1/8991e7c5385b897b8c020cdaad718c5b087a6626d1d11a23e1ea87e325a7/async_timeout-4.0.2-py3-none-any.whl#sha256=8ca1e4fcf50d07413d66d1a5e416e42cfdf5851c981d679a09851a6853383b3c
# pip cairocffi @ https://files.pythonhosted.org/packages/8b/d2/137b346d64f0d6428a90f60b51a06706592a86b74fd21ff66c853537cb9b/cairocffi-1.3.0.tar.gz#sha256=108a3a7cb09e203bdd8501d9baad91d786d204561bd71e9364e8b34897c47b91
# pip cairosvg @ https://files.pythonhosted.org/packages/01/42/0e6584a0c564201ac3004dd41240bbbdb12c8343f414a559f9161b0859fb/CairoSVG-2.5.2-py3-none-any.whl#sha256=98c276b7e4f0caf01e5c7176765c104ffa1aa1461d63b2053b04ab663cf7052b
# pip confluent-kafka @ https://files.pythonhosted.org/packages/34/04/8a274f53e308906fb41228810f89306576aa1e8deaee03c838a7ec089414/confluent_kafka-1.7.0-cp39-cp39-macosx_10_9_x86_64.whl#sha256=1e8e7770eaf2f6df0a3620f0bfc5dc2293e6ca3ac1e14c4babe6fefc03f50e18
# pip cssselect2 @ https://files.pythonhosted.org/packages/99/da/c86ec74495c69518720652f8aa8ab642d8af61a2098eede9db8b03d3c8b4/cssselect2-0.4.1-py3-none-any.whl#sha256=2f4a9f20965367bae459e3bb42561f7927e0cfe5b7ea1692757cf67ef5d7dace
# pip defusedxml @ https://files.pythonhosted.org/packages/07/6c/aa3f2f849e01cb6a001cd8554a88d4c77c5c1a31c95bdf1cf9301e6d9ef4/defusedxml-0.7.1-py2.py3-none-any.whl#sha256=a352e7e428770286cc899e2542b6cdaedb2b4953ff269a210103ec58f6198a61
# pip fastavro @ https://files.pythonhosted.org/packages/5e/2c/fe8efdc33f4dab473ca031a288990a558d65efa9ea58b99036e81b889c58/fastavro-1.4.8.tar.gz#sha256=7ec4913adeed150e0981d598dd5aa49daa76abda7a1c3a1295aae6d7b0f42729
# pip frozenlist @ https://files.pythonhosted.org/packages/b9/de/ee1607bdb537a823b8ec0ccd6711caeea82e3a540b23ffe3b4f09ff6e4ca/frozenlist-1.2.0-cp39-cp39-macosx_10_9_x86_64.whl#sha256=e74f8b4d8677ebb4015ac01fcaf05f34e8a1f22775db1f304f497f2f88fdc697
# pip html5lib @ https://files.pythonhosted.org/packages/6c/dd/a834df6482147d48e225a49515aabc28974ad5a4ca3215c18a882565b028/html5lib-1.1-py2.py3-none-any.whl#sha256=0d78f8fde1c230e99fe37986a60526d7049ed4bf8a9fadbad5f00e22e58e041d
# pip keyring @ https://files.pythonhosted.org/packages/0d/bb/8e715dbb1886e6d7e4c6a7024c11a7e137559cd85366f25c67c2bdb311c3/keyring-23.5.0-py3-none-any.whl#sha256=b0d28928ac3ec8e42ef4cc227822647a19f1d544f21f96457965dc01cf555261
# pip lxml @ https://files.pythonhosted.org/packages/84/74/4a97db45381316cd6e7d4b1eb707d7f60d38cb2985b5dfd7251a340404da/lxml-4.7.1.tar.gz#sha256=a1613838aa6b89af4ba10a0f3a972836128801ed008078f8c1244e65958f1b24
# pip multidict @ https://files.pythonhosted.org/packages/43/74/3b6f968360c14ded33aeb8433549dd98e9e7bad3a0d68901de960768e72b/multidict-5.2.0-cp39-cp39-macosx_10_9_x86_64.whl#sha256=bd6c9c50bf2ad3f0448edaa1a3b55b2e6866ef8feca5d8dbec10ec7c94371d21
# pip nest-asyncio @ https://files.pythonhosted.org/packages/06/e0/93453ebab12f5ce9a9ceda2ff71648b30e5f2ce5bba19ee3c95cbd0aaa67/nest_asyncio-1.5.4-py3-none-any.whl#sha256=3fdd0d6061a2bb16f21fe8a9c6a7945be83521d81a0d15cff52e9edee50101d6
# pip prometheus-client @ https://files.pythonhosted.org/packages/09/da/4e8471ff825769581593b5b84769d32f58e5373b59fccaf355d3529ad530/prometheus_client-0.11.0-py2.py3-none-any.whl#sha256=b014bc76815eb1399da8ce5fc84b7717a3e63652b0c0f8804092c9363acab1b2
# pip pycryptodome @ https://files.pythonhosted.org/packages/74/4b/d6a776a6a03642f480320eb6e8bc90e20db9b1691f8348b2806a183c51b7/pycryptodome-3.12.0-cp35-abi3-macosx_10_9_x86_64.whl#sha256=a78e4324e566b5fbc2b51e9240950d82fa9e1c7eb77acdf27f58712f65622c1d
# pip pydantic @ https://files.pythonhosted.org/packages/98/5e/30b8c83596af6f28f8e8fd9c136ff867ae1075a11baabbc87aaf274fb98f/pydantic-1.8.2-cp39-cp39-macosx_10_9_x86_64.whl#sha256=8b223557f9510cf0bfd8b01316bf6dd281cf41826607eada99662f5e4963f316
# pip pymage @ https://github.com/MickaelRigault/pymage/archive/v1.0.tar.gz#sha256=11e99c4ea06b76ca7fb5b42d1d35d64139a4fa6f7f163a2f0f9cc3ea0b3c55eb
# pip pymongo @ https://files.pythonhosted.org/packages/7a/72/c7711e9eedebb4a0a69cd0a16ed6f65946146ce1a677fce884d1e19a98cd/pymongo-4.0.1-cp39-cp39-macosx_10_9_universal2.whl#sha256=cd4cde3dfdd347d638171eca53ee6e787d4b1247c6e182f8616039b1df6278d5
# pip pyvo @ https://files.pythonhosted.org/packages/2d/83/0e01cc0ed5d46069d80724484596156c3ccaa01745631bcbd859d7ff168b/pyvo-1.2-py3-none-any.whl#sha256=7cc681473cb67192b0bdaa8e48e7245c6b4628f588ed558b5d9f67ce4e534877
# pip requests-toolbelt @ https://files.pythonhosted.org/packages/60/ef/7681134338fc097acef8d9b2f8abe0458e4d87559c689a8c306d0957ece5/requests_toolbelt-0.9.1-py2.py3-none-any.whl#sha256=380606e1d10dc85c3bd47bf5a6095f815ec007be7a8b69c878507068df059e6f
# pip schedule @ https://files.pythonhosted.org/packages/eb/3b/040bd180eaef427dd160562ee66adc9f4f67088185c272edcdb899c609c7/schedule-1.1.0-py2.py3-none-any.whl#sha256=617adce8b4bf38c360b781297d59918fbebfb2878f1671d189f4f4af5d0567a4
# pip setuptools-scm @ https://files.pythonhosted.org/packages/bc/bf/353180314d0e27929703faf240c244f25ae765e01f595a010cafb209ab51/setuptools_scm-6.3.2-py3-none-any.whl#sha256=4c64444b1d49c4063ae60bfe1680f611c8b13833d556fd1d6050c0023162a119
# pip sjcl @ https://files.pythonhosted.org/packages/16/70/68ec8c51690e450f878a22adea5e10c5e554cf6fa952de2240f1f5a4d484/sjcl-0.2.1.tar.gz#sha256=3761ba01f9f049eaa2f67516054b7bfb2e27fe8bc7c9c630da7168fba58f0c57
# pip slackclient @ https://files.pythonhosted.org/packages/ed/27/de9ce989d0964518152e1a164b08971c77a173b051a153e50220f1a963d9/slackclient-2.9.3-py2.py3-none-any.whl#sha256=2d68d668c02f4038299897e5c4723ab85dd40a3548354924b24f333a435856f8
# pip svgutils @ https://files.pythonhosted.org/packages/bd/c7/0b32030d2250dd6d2ce3d408fad678825a3c0711e6ee7b32235dff237e1d/svgutils-0.3.0-py2.py3-none-any.whl#sha256=802d749b58a623ca11d62ff137494426db8569a36f2181a5b7dcffe37e77d6e5
# pip tinycss2 @ https://files.pythonhosted.org/packages/53/7b/5dba39bf0572f1f28e2844f08f74a73482a381de1d1feac3bbc6b808051e/tinycss2-1.1.1-py3-none-any.whl#sha256=fe794ceaadfe3cf3e686b22155d0da5780dd0e273471a51846d0a02bc204fec8
# pip ujson @ https://files.pythonhosted.org/packages/21/93/ba928551a83251be01f673755819f95a568cda0bfb9e0859be80086dce93/ujson-4.3.0.tar.gz#sha256=baee56eca35cb5fbe02c28bd9c0936be41a96fa5c0812d9d4b7edeb5c3d568a0
# pip webencodings @ https://files.pythonhosted.org/packages/f4/24/2a3e3df732393fed8b3ebf2ec078f05546de641fe1b667ee316ec1dcf3b7/webencodings-0.5.1-py2.py3-none-any.whl#sha256=a0af1213f3c2226497a97e2b3aa01a7e4bee4f403f95be16fc9acd2947514a78
# pip xmltodict @ https://files.pythonhosted.org/packages/28/fd/30d5c1d3ac29ce229f6bdc40bbc20b28f716e8b363140c26eff19122d8a5/xmltodict-0.12.0-py2.py3-none-any.whl#sha256=8bbcb45cc982f48b2ca8fe7e7827c5d792f217ecf1792626f808bf41c3b86051
# pip xxhash @ https://files.pythonhosted.org/packages/2a/10/23fa9efbb27da169a437592016833c148068c428f93a56f643ae88aa29e9/xxhash-2.0.2-cp39-cp39-macosx_10_9_x86_64.whl#sha256=eb1e9e347c9810a272154814cf5ce33a6c3ac7d0d7cbcb066e92dd5f9fa4db8f
# pip yarl @ https://files.pythonhosted.org/packages/3c/f6/cf73e8702cddfc373345275cae3576ffa23467a7bf9caf6994d1c5a3a8a2/yarl-1.7.2-cp39-cp39-macosx_10_9_x86_64.whl#sha256=3ec1d9a0d7780416e657f1e405ba35ec1ba453a4f1511eb8b9fbab81cb8b3ce1
# pip yq @ https://files.pythonhosted.org/packages/a5/24/77ccf562a879a966c4f77adc0d1200ece656ed9e2338d870cf51c31cdde7/yq-2.13.0-py2.py3-none-any.whl#sha256=3ae1f647c85f76d48005d75445917cbea2f4d734bae9c7409372340583c2a6c1
